// !$*UTF8*$!
{
	archiveVersion = 1;
	classes = {
	};
	objectVersion = 46;
	objects = {

/* Begin PBXBuildFile section */
		1AB8D1411497F0E8007BE109 /* NSString+UniqueIdentifierAdditions.h in Headers */ = {isa = PBXBuildFile; fileRef = 1AB8D13F1497F0E8007BE109 /* NSString+UniqueIdentifierAdditions.h */; settings = {ATTRIBUTES = (Public, ); }; };
		1AB8D1421497F0E8007BE109 /* NSString+UniqueIdentifierAdditions.m in Sources */ = {isa = PBXBuildFile; fileRef = 1AB8D1401497F0E8007BE109 /* NSString+UniqueIdentifierAdditions.m */; };
		1AB8D1441497F0EC007BE109 /* NSString+UniqueIdentifierAdditions.m in Sources */ = {isa = PBXBuildFile; fileRef = 1AB8D1401497F0E8007BE109 /* NSString+UniqueIdentifierAdditions.m */; };
		1AB8D1471497F145007BE109 /* PRONSStringAdditionTests.m in Sources */ = {isa = PBXBuildFile; fileRef = 1AB8D1461497F145007BE109 /* PRONSStringAdditionTests.m */; };
		1AB8D1481497F145007BE109 /* PRONSStringAdditionTests.m in Sources */ = {isa = PBXBuildFile; fileRef = 1AB8D1461497F145007BE109 /* PRONSStringAdditionTests.m */; };
		1AB8D1491497F209007BE109 /* NSString+UniqueIdentifierAdditions.h in Headers */ = {isa = PBXBuildFile; fileRef = 1AB8D13F1497F0E8007BE109 /* NSString+UniqueIdentifierAdditions.h */; settings = {ATTRIBUTES = (Public, ); }; };
		D047032C1494A6F8004CB93A /* Foundation+LocalizationAdditions.h in Headers */ = {isa = PBXBuildFile; fileRef = D04703261494A6F8004CB93A /* Foundation+LocalizationAdditions.h */; settings = {ATTRIBUTES = (Public, ); }; };
		D047032D1494A6F8004CB93A /* Foundation+LocalizationAdditions.h in Headers */ = {isa = PBXBuildFile; fileRef = D04703261494A6F8004CB93A /* Foundation+LocalizationAdditions.h */; settings = {ATTRIBUTES = (Public, ); }; };
		D047032E1494A6F8004CB93A /* Foundation+LocalizationAdditions.m in Sources */ = {isa = PBXBuildFile; fileRef = D04703271494A6F8004CB93A /* Foundation+LocalizationAdditions.m */; };
		D047032F1494A6F8004CB93A /* Foundation+LocalizationAdditions.m in Sources */ = {isa = PBXBuildFile; fileRef = D04703271494A6F8004CB93A /* Foundation+LocalizationAdditions.m */; };
		D04703301494A6F8004CB93A /* NSObject+ComparisonAdditions.h in Headers */ = {isa = PBXBuildFile; fileRef = D04703281494A6F8004CB93A /* NSObject+ComparisonAdditions.h */; settings = {ATTRIBUTES = (Public, ); }; };
		D04703311494A6F8004CB93A /* NSObject+ComparisonAdditions.h in Headers */ = {isa = PBXBuildFile; fileRef = D04703281494A6F8004CB93A /* NSObject+ComparisonAdditions.h */; settings = {ATTRIBUTES = (Public, ); }; };
		D04703321494A6F8004CB93A /* NSObject+ComparisonAdditions.m in Sources */ = {isa = PBXBuildFile; fileRef = D04703291494A6F8004CB93A /* NSObject+ComparisonAdditions.m */; };
		D04703331494A6F8004CB93A /* NSObject+ComparisonAdditions.m in Sources */ = {isa = PBXBuildFile; fileRef = D04703291494A6F8004CB93A /* NSObject+ComparisonAdditions.m */; };
		D04703341494A6F8004CB93A /* NSObject+ErrorAdditions.h in Headers */ = {isa = PBXBuildFile; fileRef = D047032A1494A6F8004CB93A /* NSObject+ErrorAdditions.h */; settings = {ATTRIBUTES = (Public, ); }; };
		D04703351494A6F8004CB93A /* NSObject+ErrorAdditions.h in Headers */ = {isa = PBXBuildFile; fileRef = D047032A1494A6F8004CB93A /* NSObject+ErrorAdditions.h */; settings = {ATTRIBUTES = (Public, ); }; };
		D04703361494A6F8004CB93A /* NSObject+ErrorAdditions.m in Sources */ = {isa = PBXBuildFile; fileRef = D047032B1494A6F8004CB93A /* NSObject+ErrorAdditions.m */; };
		D04703371494A6F8004CB93A /* NSObject+ErrorAdditions.m in Sources */ = {isa = PBXBuildFile; fileRef = D047032B1494A6F8004CB93A /* NSObject+ErrorAdditions.m */; };
		D047033B1494A728004CB93A /* PRONSObjectAdditionsTests.m in Sources */ = {isa = PBXBuildFile; fileRef = D047033A1494A728004CB93A /* PRONSObjectAdditionsTests.m */; };
		D047033C1494A728004CB93A /* PRONSObjectAdditionsTests.m in Sources */ = {isa = PBXBuildFile; fileRef = D047033A1494A728004CB93A /* PRONSObjectAdditionsTests.m */; };
		D06AA4521494A1FF00F0F94B /* NSArray+HigherOrderAdditions.h in Headers */ = {isa = PBXBuildFile; fileRef = D06AA4501494A1FF00F0F94B /* NSArray+HigherOrderAdditions.h */; settings = {ATTRIBUTES = (Public, ); }; };
		D06AA4531494A1FF00F0F94B /* NSArray+HigherOrderAdditions.h in Headers */ = {isa = PBXBuildFile; fileRef = D06AA4501494A1FF00F0F94B /* NSArray+HigherOrderAdditions.h */; settings = {ATTRIBUTES = (Public, ); }; };
		D06AA4541494A1FF00F0F94B /* NSArray+HigherOrderAdditions.m in Sources */ = {isa = PBXBuildFile; fileRef = D06AA4511494A1FF00F0F94B /* NSArray+HigherOrderAdditions.m */; };
		D06AA4551494A1FF00F0F94B /* NSArray+HigherOrderAdditions.m in Sources */ = {isa = PBXBuildFile; fileRef = D06AA4511494A1FF00F0F94B /* NSArray+HigherOrderAdditions.m */; };
		D06AA45A1494A22300F0F94B /* PRONSArrayAdditionsTests.m in Sources */ = {isa = PBXBuildFile; fileRef = D06AA4591494A22300F0F94B /* PRONSArrayAdditionsTests.m */; };
		D06AA45B1494A22300F0F94B /* PRONSArrayAdditionsTests.m in Sources */ = {isa = PBXBuildFile; fileRef = D06AA4591494A22300F0F94B /* PRONSArrayAdditionsTests.m */; };
		D09186741492EC3E001DEBC8 /* Foundation.framework in Frameworks */ = {isa = PBXBuildFile; fileRef = D0B07AF71492E76200A1E816 /* Foundation.framework */; };
		D0B07AD01492E72800A1E816 /* Foundation.framework in Frameworks */ = {isa = PBXBuildFile; fileRef = D0B07ACF1492E72800A1E816 /* Foundation.framework */; };
		D0B07ADD1492E72800A1E816 /* SenTestingKit.framework in Frameworks */ = {isa = PBXBuildFile; fileRef = D0DB5CDD1492DDD5005955FB /* SenTestingKit.framework */; };
		D0B07AE01492E72800A1E816 /* Foundation.framework in Frameworks */ = {isa = PBXBuildFile; fileRef = D0B07ACF1492E72800A1E816 /* Foundation.framework */; };
		D0B07AE31492E72800A1E816 /* libProton.a in Frameworks */ = {isa = PBXBuildFile; fileRef = D0B07ACE1492E72800A1E816 /* libProton.a */; };
		D0B07AF51492E75200A1E816 /* Proton.h in Headers */ = {isa = PBXBuildFile; fileRef = D0DB5CD41492DDD5005955FB /* Proton.h */; settings = {ATTRIBUTES = (Public, ); }; };
		D0B07AF61492E75700A1E816 /* Proton.h in Headers */ = {isa = PBXBuildFile; fileRef = D0DB5CD41492DDD5005955FB /* Proton.h */; settings = {ATTRIBUTES = (Public, ); }; };
		D0B07AF81492E76200A1E816 /* Foundation.framework in Frameworks */ = {isa = PBXBuildFile; fileRef = D0B07AF71492E76200A1E816 /* Foundation.framework */; };
		D0D7A1AD1492EE1B0057F90D /* EXTRuntimeExtensions.h in Headers */ = {isa = PBXBuildFile; fileRef = D0D7A1A71492EE1B0057F90D /* EXTRuntimeExtensions.h */; settings = {ATTRIBUTES = (Public, ); }; };
		D0D7A1AE1492EE1B0057F90D /* EXTRuntimeExtensions.h in Headers */ = {isa = PBXBuildFile; fileRef = D0D7A1A71492EE1B0057F90D /* EXTRuntimeExtensions.h */; settings = {ATTRIBUTES = (Public, ); }; };
		D0D7A1AF1492EE1B0057F90D /* EXTRuntimeExtensions.m in Sources */ = {isa = PBXBuildFile; fileRef = D0D7A1A81492EE1B0057F90D /* EXTRuntimeExtensions.m */; };
		D0D7A1B01492EE1B0057F90D /* EXTRuntimeExtensions.m in Sources */ = {isa = PBXBuildFile; fileRef = D0D7A1A81492EE1B0057F90D /* EXTRuntimeExtensions.m */; };
		D0D7A1B11492EE1B0057F90D /* EXTSafeCategory.h in Headers */ = {isa = PBXBuildFile; fileRef = D0D7A1A91492EE1B0057F90D /* EXTSafeCategory.h */; settings = {ATTRIBUTES = (Public, ); }; };
		D0D7A1B21492EE1B0057F90D /* EXTSafeCategory.h in Headers */ = {isa = PBXBuildFile; fileRef = D0D7A1A91492EE1B0057F90D /* EXTSafeCategory.h */; settings = {ATTRIBUTES = (Public, ); }; };
		D0D7A1B31492EE1B0057F90D /* EXTSafeCategory.m in Sources */ = {isa = PBXBuildFile; fileRef = D0D7A1AA1492EE1B0057F90D /* EXTSafeCategory.m */; };
		D0D7A1B41492EE1B0057F90D /* EXTSafeCategory.m in Sources */ = {isa = PBXBuildFile; fileRef = D0D7A1AA1492EE1B0057F90D /* EXTSafeCategory.m */; };
		D0D7A1B51492EE1B0057F90D /* EXTScope.h in Headers */ = {isa = PBXBuildFile; fileRef = D0D7A1AB1492EE1B0057F90D /* EXTScope.h */; settings = {ATTRIBUTES = (Public, ); }; };
		D0D7A1B61492EE1B0057F90D /* EXTScope.h in Headers */ = {isa = PBXBuildFile; fileRef = D0D7A1AB1492EE1B0057F90D /* EXTScope.h */; settings = {ATTRIBUTES = (Public, ); }; };
		D0D7A1B71492EE1B0057F90D /* EXTScope.m in Sources */ = {isa = PBXBuildFile; fileRef = D0D7A1AC1492EE1B0057F90D /* EXTScope.m */; };
		D0D7A1B81492EE1B0057F90D /* EXTScope.m in Sources */ = {isa = PBXBuildFile; fileRef = D0D7A1AC1492EE1B0057F90D /* EXTScope.m */; };
		D0D7A1BA1492EE210057F90D /* metamacros.h in Headers */ = {isa = PBXBuildFile; fileRef = D0D7A1B91492EE210057F90D /* metamacros.h */; settings = {ATTRIBUTES = (Public, ); }; };
		D0D7A1BB1492EE210057F90D /* metamacros.h in Headers */ = {isa = PBXBuildFile; fileRef = D0D7A1B91492EE210057F90D /* metamacros.h */; settings = {ATTRIBUTES = (Public, ); }; };
		D0D7A1C31492EE520057F90D /* EXTRuntimeExtensionsTest.m in Sources */ = {isa = PBXBuildFile; fileRef = D0D7A1BE1492EE520057F90D /* EXTRuntimeExtensionsTest.m */; };
		D0D7A1C41492EE520057F90D /* EXTRuntimeExtensionsTest.m in Sources */ = {isa = PBXBuildFile; fileRef = D0D7A1BE1492EE520057F90D /* EXTRuntimeExtensionsTest.m */; };
		D0D7A1C51492EE520057F90D /* EXTSafeCategoryTest.m in Sources */ = {isa = PBXBuildFile; fileRef = D0D7A1C01492EE520057F90D /* EXTSafeCategoryTest.m */; };
		D0D7A1C61492EE520057F90D /* EXTSafeCategoryTest.m in Sources */ = {isa = PBXBuildFile; fileRef = D0D7A1C01492EE520057F90D /* EXTSafeCategoryTest.m */; };
		D0D7A1C71492EE520057F90D /* EXTScopeTest.m in Sources */ = {isa = PBXBuildFile; fileRef = D0D7A1C21492EE520057F90D /* EXTScopeTest.m */; };
		D0D7A1C81492EE520057F90D /* EXTScopeTest.m in Sources */ = {isa = PBXBuildFile; fileRef = D0D7A1C21492EE520057F90D /* EXTScopeTest.m */; };
		D0DB5CD21492DDD5005955FB /* InfoPlist.strings in Resources */ = {isa = PBXBuildFile; fileRef = D0DB5CD01492DDD5005955FB /* InfoPlist.strings */; };
		D0DB5CDE1492DDD5005955FB /* SenTestingKit.framework in Frameworks */ = {isa = PBXBuildFile; fileRef = D0DB5CDD1492DDD5005955FB /* SenTestingKit.framework */; };
		D0DB5CE21492DDD5005955FB /* Proton.framework in Frameworks */ = {isa = PBXBuildFile; fileRef = D0DB5CC41492DDD5005955FB /* Proton.framework */; };
		D0DB5CE81492DDD5005955FB /* InfoPlist.strings in Resources */ = {isa = PBXBuildFile; fileRef = D0DB5CE61492DDD5005955FB /* InfoPlist.strings */; };
/* End PBXBuildFile section */

/* Begin PBXContainerItemProxy section */
		D0B07AE11492E72800A1E816 /* PBXContainerItemProxy */ = {
			isa = PBXContainerItemProxy;
			containerPortal = D0DB5CBA1492DDD5005955FB /* Project object */;
			proxyType = 1;
			remoteGlobalIDString = D0B07ACD1492E72800A1E816;
			remoteInfo = "Proton iOS";
		};
		D0DB5CE01492DDD5005955FB /* PBXContainerItemProxy */ = {
			isa = PBXContainerItemProxy;
			containerPortal = D0DB5CBA1492DDD5005955FB /* Project object */;
			proxyType = 1;
			remoteGlobalIDString = D0DB5CC31492DDD5005955FB;
			remoteInfo = Proton;
		};
/* End PBXContainerItemProxy section */

/* Begin PBXFileReference section */
		1AB8D13F1497F0E8007BE109 /* NSString+UniqueIdentifierAdditions.h */ = {isa = PBXFileReference; fileEncoding = 4; lastKnownFileType = sourcecode.c.h; path = "NSString+UniqueIdentifierAdditions.h"; sourceTree = "<group>"; };
		1AB8D1401497F0E8007BE109 /* NSString+UniqueIdentifierAdditions.m */ = {isa = PBXFileReference; fileEncoding = 4; lastKnownFileType = sourcecode.c.objc; path = "NSString+UniqueIdentifierAdditions.m"; sourceTree = "<group>"; };
		1AB8D1451497F145007BE109 /* PRONSStringAdditionTests.h */ = {isa = PBXFileReference; fileEncoding = 4; lastKnownFileType = sourcecode.c.h; path = PRONSStringAdditionTests.h; sourceTree = "<group>"; };
		1AB8D1461497F145007BE109 /* PRONSStringAdditionTests.m */ = {isa = PBXFileReference; fileEncoding = 4; lastKnownFileType = sourcecode.c.objc; path = PRONSStringAdditionTests.m; sourceTree = "<group>"; };
		D04703261494A6F8004CB93A /* Foundation+LocalizationAdditions.h */ = {isa = PBXFileReference; fileEncoding = 4; lastKnownFileType = sourcecode.c.h; path = "Foundation+LocalizationAdditions.h"; sourceTree = "<group>"; };
		D04703271494A6F8004CB93A /* Foundation+LocalizationAdditions.m */ = {isa = PBXFileReference; fileEncoding = 4; lastKnownFileType = sourcecode.c.objc; path = "Foundation+LocalizationAdditions.m"; sourceTree = "<group>"; };
		D04703281494A6F8004CB93A /* NSObject+ComparisonAdditions.h */ = {isa = PBXFileReference; fileEncoding = 4; lastKnownFileType = sourcecode.c.h; path = "NSObject+ComparisonAdditions.h"; sourceTree = "<group>"; };
		D04703291494A6F8004CB93A /* NSObject+ComparisonAdditions.m */ = {isa = PBXFileReference; fileEncoding = 4; lastKnownFileType = sourcecode.c.objc; path = "NSObject+ComparisonAdditions.m"; sourceTree = "<group>"; };
		D047032A1494A6F8004CB93A /* NSObject+ErrorAdditions.h */ = {isa = PBXFileReference; fileEncoding = 4; lastKnownFileType = sourcecode.c.h; path = "NSObject+ErrorAdditions.h"; sourceTree = "<group>"; };
		D047032B1494A6F8004CB93A /* NSObject+ErrorAdditions.m */ = {isa = PBXFileReference; fileEncoding = 4; lastKnownFileType = sourcecode.c.objc; path = "NSObject+ErrorAdditions.m"; sourceTree = "<group>"; };
		D04703391494A728004CB93A /* PRONSObjectAdditionsTests.h */ = {isa = PBXFileReference; fileEncoding = 4; lastKnownFileType = sourcecode.c.h; path = PRONSObjectAdditionsTests.h; sourceTree = "<group>"; };
		D047033A1494A728004CB93A /* PRONSObjectAdditionsTests.m */ = {isa = PBXFileReference; fileEncoding = 4; lastKnownFileType = sourcecode.c.objc; path = PRONSObjectAdditionsTests.m; sourceTree = "<group>"; };
		D06AA4501494A1FF00F0F94B /* NSArray+HigherOrderAdditions.h */ = {isa = PBXFileReference; fileEncoding = 4; lastKnownFileType = sourcecode.c.h; path = "NSArray+HigherOrderAdditions.h"; sourceTree = "<group>"; };
		D06AA4511494A1FF00F0F94B /* NSArray+HigherOrderAdditions.m */ = {isa = PBXFileReference; fileEncoding = 4; lastKnownFileType = sourcecode.c.objc; path = "NSArray+HigherOrderAdditions.m"; sourceTree = "<group>"; };
		D06AA4581494A22300F0F94B /* PRONSArrayAdditionsTests.h */ = {isa = PBXFileReference; fileEncoding = 4; lastKnownFileType = sourcecode.c.h; path = PRONSArrayAdditionsTests.h; sourceTree = "<group>"; };
		D06AA4591494A22300F0F94B /* PRONSArrayAdditionsTests.m */ = {isa = PBXFileReference; fileEncoding = 4; lastKnownFileType = sourcecode.c.objc; path = PRONSArrayAdditionsTests.m; sourceTree = "<group>"; };
		D0B07ACE1492E72800A1E816 /* libProton.a */ = {isa = PBXFileReference; explicitFileType = archive.ar; includeInIndex = 0; path = libProton.a; sourceTree = BUILT_PRODUCTS_DIR; };
		D0B07ACF1492E72800A1E816 /* Foundation.framework */ = {isa = PBXFileReference; lastKnownFileType = wrapper.framework; name = Foundation.framework; path = System/Library/Frameworks/Foundation.framework; sourceTree = SDKROOT; };
		D0B07ADC1492E72800A1E816 /* Proton iOS Tests.octest */ = {isa = PBXFileReference; explicitFileType = wrapper.cfbundle; includeInIndex = 0; path = "Proton iOS Tests.octest"; sourceTree = BUILT_PRODUCTS_DIR; };
		D0B07AF71492E76200A1E816 /* Foundation.framework */ = {isa = PBXFileReference; lastKnownFileType = wrapper.framework; name = Foundation.framework; path = SDKs/MacOSX10.7.sdk/System/Library/Frameworks/Foundation.framework; sourceTree = DEVELOPER_DIR; };
		D0D7A1A71492EE1B0057F90D /* EXTRuntimeExtensions.h */ = {isa = PBXFileReference; fileEncoding = 4; lastKnownFileType = sourcecode.c.h; name = EXTRuntimeExtensions.h; path = ../libextobjc/extobjc/Modules/EXTRuntimeExtensions.h; sourceTree = "<group>"; };
		D0D7A1A81492EE1B0057F90D /* EXTRuntimeExtensions.m */ = {isa = PBXFileReference; fileEncoding = 4; lastKnownFileType = sourcecode.c.objc; name = EXTRuntimeExtensions.m; path = ../libextobjc/extobjc/Modules/EXTRuntimeExtensions.m; sourceTree = "<group>"; };
		D0D7A1A91492EE1B0057F90D /* EXTSafeCategory.h */ = {isa = PBXFileReference; fileEncoding = 4; lastKnownFileType = sourcecode.c.h; name = EXTSafeCategory.h; path = ../libextobjc/extobjc/Modules/EXTSafeCategory.h; sourceTree = "<group>"; };
		D0D7A1AA1492EE1B0057F90D /* EXTSafeCategory.m */ = {isa = PBXFileReference; fileEncoding = 4; lastKnownFileType = sourcecode.c.objc; name = EXTSafeCategory.m; path = ../libextobjc/extobjc/Modules/EXTSafeCategory.m; sourceTree = "<group>"; };
		D0D7A1AB1492EE1B0057F90D /* EXTScope.h */ = {isa = PBXFileReference; fileEncoding = 4; lastKnownFileType = sourcecode.c.h; name = EXTScope.h; path = ../libextobjc/extobjc/Modules/EXTScope.h; sourceTree = "<group>"; };
		D0D7A1AC1492EE1B0057F90D /* EXTScope.m */ = {isa = PBXFileReference; fileEncoding = 4; lastKnownFileType = sourcecode.c.objc; name = EXTScope.m; path = ../libextobjc/extobjc/Modules/EXTScope.m; sourceTree = "<group>"; };
		D0D7A1B91492EE210057F90D /* metamacros.h */ = {isa = PBXFileReference; fileEncoding = 4; lastKnownFileType = sourcecode.c.h; name = metamacros.h; path = ../libextobjc/extobjc/metamacros.h; sourceTree = "<group>"; };
		D0D7A1BD1492EE520057F90D /* EXTRuntimeExtensionsTest.h */ = {isa = PBXFileReference; fileEncoding = 4; lastKnownFileType = sourcecode.c.h; name = EXTRuntimeExtensionsTest.h; path = ../../libextobjc/extobjc/Tests/EXTRuntimeExtensionsTest.h; sourceTree = "<group>"; };
		D0D7A1BE1492EE520057F90D /* EXTRuntimeExtensionsTest.m */ = {isa = PBXFileReference; fileEncoding = 4; lastKnownFileType = sourcecode.c.objc; name = EXTRuntimeExtensionsTest.m; path = ../../libextobjc/extobjc/Tests/EXTRuntimeExtensionsTest.m; sourceTree = "<group>"; };
		D0D7A1BF1492EE520057F90D /* EXTSafeCategoryTest.h */ = {isa = PBXFileReference; fileEncoding = 4; lastKnownFileType = sourcecode.c.h; name = EXTSafeCategoryTest.h; path = ../../libextobjc/extobjc/Tests/EXTSafeCategoryTest.h; sourceTree = "<group>"; };
		D0D7A1C01492EE520057F90D /* EXTSafeCategoryTest.m */ = {isa = PBXFileReference; fileEncoding = 4; lastKnownFileType = sourcecode.c.objc; name = EXTSafeCategoryTest.m; path = ../../libextobjc/extobjc/Tests/EXTSafeCategoryTest.m; sourceTree = "<group>"; };
		D0D7A1C11492EE520057F90D /* EXTScopeTest.h */ = {isa = PBXFileReference; fileEncoding = 4; lastKnownFileType = sourcecode.c.h; name = EXTScopeTest.h; path = ../../libextobjc/extobjc/Tests/EXTScopeTest.h; sourceTree = "<group>"; };
		D0D7A1C21492EE520057F90D /* EXTScopeTest.m */ = {isa = PBXFileReference; fileEncoding = 4; lastKnownFileType = sourcecode.c.objc; name = EXTScopeTest.m; path = ../../libextobjc/extobjc/Tests/EXTScopeTest.m; sourceTree = "<group>"; };
		D0DB5CC41492DDD5005955FB /* Proton.framework */ = {isa = PBXFileReference; explicitFileType = wrapper.framework; includeInIndex = 0; path = Proton.framework; sourceTree = BUILT_PRODUCTS_DIR; };
		D0DB5CCF1492DDD5005955FB /* Proton-Info.plist */ = {isa = PBXFileReference; lastKnownFileType = text.plist.xml; path = "Proton-Info.plist"; sourceTree = "<group>"; };
		D0DB5CD11492DDD5005955FB /* en */ = {isa = PBXFileReference; lastKnownFileType = text.plist.strings; name = en; path = en.lproj/InfoPlist.strings; sourceTree = "<group>"; };
		D0DB5CD31492DDD5005955FB /* Proton-Prefix.pch */ = {isa = PBXFileReference; lastKnownFileType = sourcecode.c.h; path = "Proton-Prefix.pch"; sourceTree = "<group>"; };
		D0DB5CD41492DDD5005955FB /* Proton.h */ = {isa = PBXFileReference; lastKnownFileType = sourcecode.c.h; path = Proton.h; sourceTree = "<group>"; };
		D0DB5CDC1492DDD5005955FB /* Proton Mac Tests.octest */ = {isa = PBXFileReference; explicitFileType = wrapper.cfbundle; includeInIndex = 0; path = "Proton Mac Tests.octest"; sourceTree = BUILT_PRODUCTS_DIR; };
		D0DB5CDD1492DDD5005955FB /* SenTestingKit.framework */ = {isa = PBXFileReference; lastKnownFileType = wrapper.framework; name = SenTestingKit.framework; path = Library/Frameworks/SenTestingKit.framework; sourceTree = DEVELOPER_DIR; };
		D0DB5CE51492DDD5005955FB /* ProtonTests-Info.plist */ = {isa = PBXFileReference; lastKnownFileType = text.plist.xml; path = "ProtonTests-Info.plist"; sourceTree = "<group>"; };
		D0DB5CE71492DDD5005955FB /* en */ = {isa = PBXFileReference; lastKnownFileType = text.plist.strings; name = en; path = en.lproj/InfoPlist.strings; sourceTree = "<group>"; };
		D0DB5CF61492DDE9005955FB /* Common.xcconfig */ = {isa = PBXFileReference; lastKnownFileType = text.xcconfig; path = Common.xcconfig; sourceTree = "<group>"; };
		D0DB5CF81492DDE9005955FB /* Debug.xcconfig */ = {isa = PBXFileReference; lastKnownFileType = text.xcconfig; path = Debug.xcconfig; sourceTree = "<group>"; };
		D0DB5CF91492DDE9005955FB /* Profile.xcconfig */ = {isa = PBXFileReference; lastKnownFileType = text.xcconfig; path = Profile.xcconfig; sourceTree = "<group>"; };
		D0DB5CFA1492DDE9005955FB /* Release.xcconfig */ = {isa = PBXFileReference; lastKnownFileType = text.xcconfig; path = Release.xcconfig; sourceTree = "<group>"; };
		D0DB5CFC1492DDE9005955FB /* Application.xcconfig */ = {isa = PBXFileReference; lastKnownFileType = text.xcconfig; path = Application.xcconfig; sourceTree = "<group>"; };
		D0DB5CFD1492DDE9005955FB /* StaticLibrary.xcconfig */ = {isa = PBXFileReference; lastKnownFileType = text.xcconfig; path = StaticLibrary.xcconfig; sourceTree = "<group>"; };
		D0DB5CFF1492DDE9005955FB /* iOS-Application.xcconfig */ = {isa = PBXFileReference; lastKnownFileType = text.xcconfig; path = "iOS-Application.xcconfig"; sourceTree = "<group>"; };
		D0DB5D001492DDE9005955FB /* iOS-Base.xcconfig */ = {isa = PBXFileReference; lastKnownFileType = text.xcconfig; path = "iOS-Base.xcconfig"; sourceTree = "<group>"; };
		D0DB5D011492DDE9005955FB /* iOS-StaticLibrary.xcconfig */ = {isa = PBXFileReference; lastKnownFileType = text.xcconfig; path = "iOS-StaticLibrary.xcconfig"; sourceTree = "<group>"; };
		D0DB5D031492DDE9005955FB /* Mac-Application.xcconfig */ = {isa = PBXFileReference; lastKnownFileType = text.xcconfig; path = "Mac-Application.xcconfig"; sourceTree = "<group>"; };
		D0DB5D041492DDE9005955FB /* Mac-Base.xcconfig */ = {isa = PBXFileReference; lastKnownFileType = text.xcconfig; path = "Mac-Base.xcconfig"; sourceTree = "<group>"; };
		D0DB5D051492DDE9005955FB /* Mac-DynamicLibrary.xcconfig */ = {isa = PBXFileReference; lastKnownFileType = text.xcconfig; path = "Mac-DynamicLibrary.xcconfig"; sourceTree = "<group>"; };
		D0DB5D061492DDE9005955FB /* Mac-Framework.xcconfig */ = {isa = PBXFileReference; lastKnownFileType = text.xcconfig; path = "Mac-Framework.xcconfig"; sourceTree = "<group>"; };
		D0DB5D071492DDE9005955FB /* Mac-StaticLibrary.xcconfig */ = {isa = PBXFileReference; lastKnownFileType = text.xcconfig; path = "Mac-StaticLibrary.xcconfig"; sourceTree = "<group>"; };
		D0DB5D081492DDE9005955FB /* README.md */ = {isa = PBXFileReference; lastKnownFileType = text; path = README.md; sourceTree = "<group>"; };
/* End PBXFileReference section */

/* Begin PBXFrameworksBuildPhase section */
		D0B07ACB1492E72800A1E816 /* Frameworks */ = {
			isa = PBXFrameworksBuildPhase;
			buildActionMask = 2147483647;
			files = (
				D0B07AD01492E72800A1E816 /* Foundation.framework in Frameworks */,
			);
			runOnlyForDeploymentPostprocessing = 0;
		};
		D0B07AD81492E72800A1E816 /* Frameworks */ = {
			isa = PBXFrameworksBuildPhase;
			buildActionMask = 2147483647;
			files = (
				D0B07ADD1492E72800A1E816 /* SenTestingKit.framework in Frameworks */,
				D0B07AE01492E72800A1E816 /* Foundation.framework in Frameworks */,
				D0B07AE31492E72800A1E816 /* libProton.a in Frameworks */,
			);
			runOnlyForDeploymentPostprocessing = 0;
		};
		D0DB5CC01492DDD5005955FB /* Frameworks */ = {
			isa = PBXFrameworksBuildPhase;
			buildActionMask = 2147483647;
			files = (
				D0B07AF81492E76200A1E816 /* Foundation.framework in Frameworks */,
			);
			runOnlyForDeploymentPostprocessing = 0;
		};
		D0DB5CD81492DDD5005955FB /* Frameworks */ = {
			isa = PBXFrameworksBuildPhase;
			buildActionMask = 2147483647;
			files = (
				D0DB5CDE1492DDD5005955FB /* SenTestingKit.framework in Frameworks */,
				D0DB5CE21492DDD5005955FB /* Proton.framework in Frameworks */,
				D09186741492EC3E001DEBC8 /* Foundation.framework in Frameworks */,
			);
			runOnlyForDeploymentPostprocessing = 0;
		};
/* End PBXFrameworksBuildPhase section */

/* Begin PBXGroup section */
		D06AA4321494A19600F0F94B /* Extensions */ = {
			isa = PBXGroup;
			children = (
				D04703261494A6F8004CB93A /* Foundation+LocalizationAdditions.h */,
				D04703271494A6F8004CB93A /* Foundation+LocalizationAdditions.m */,
				D06AA4501494A1FF00F0F94B /* NSArray+HigherOrderAdditions.h */,
				D06AA4511494A1FF00F0F94B /* NSArray+HigherOrderAdditions.m */,
				D04703281494A6F8004CB93A /* NSObject+ComparisonAdditions.h */,
				D04703291494A6F8004CB93A /* NSObject+ComparisonAdditions.m */,
				D047032A1494A6F8004CB93A /* NSObject+ErrorAdditions.h */,
				D047032B1494A6F8004CB93A /* NSObject+ErrorAdditions.m */,
				1AB8D13F1497F0E8007BE109 /* NSString+UniqueIdentifierAdditions.h */,
				1AB8D1401497F0E8007BE109 /* NSString+UniqueIdentifierAdditions.m */,
			);
			name = Extensions;
			sourceTree = "<group>";
		};
		D06AA43F1494A1B400F0F94B /* Classes */ = {
			isa = PBXGroup;
			children = (
			);
			name = Classes;
			sourceTree = "<group>";
		};
		D06AA45C1494A22600F0F94B /* Classes */ = {
			isa = PBXGroup;
			children = (
				D06AA4581494A22300F0F94B /* PRONSArrayAdditionsTests.h */,
				D06AA4591494A22300F0F94B /* PRONSArrayAdditionsTests.m */,
				D04703391494A728004CB93A /* PRONSObjectAdditionsTests.h */,
				D047033A1494A728004CB93A /* PRONSObjectAdditionsTests.m */,
				1AB8D1451497F145007BE109 /* PRONSStringAdditionTests.h */,
				1AB8D1461497F145007BE109 /* PRONSStringAdditionTests.m */,
			);
			name = Classes;
			sourceTree = "<group>";
		};
		D0D7A1A51492EE020057F90D /* libextobjc */ = {
			isa = PBXGroup;
			children = (
				D0D7A1A71492EE1B0057F90D /* EXTRuntimeExtensions.h */,
				D0D7A1A81492EE1B0057F90D /* EXTRuntimeExtensions.m */,
				D0D7A1A91492EE1B0057F90D /* EXTSafeCategory.h */,
				D0D7A1AA1492EE1B0057F90D /* EXTSafeCategory.m */,
				D0D7A1AB1492EE1B0057F90D /* EXTScope.h */,
				D0D7A1AC1492EE1B0057F90D /* EXTScope.m */,
				D0D7A1B91492EE210057F90D /* metamacros.h */,
			);
			name = libextobjc;
			sourceTree = "<group>";
		};
		D0D7A1BC1492EE3F0057F90D /* libextobjc */ = {
			isa = PBXGroup;
			children = (
				D0D7A1BD1492EE520057F90D /* EXTRuntimeExtensionsTest.h */,
				D0D7A1BE1492EE520057F90D /* EXTRuntimeExtensionsTest.m */,
				D0D7A1BF1492EE520057F90D /* EXTSafeCategoryTest.h */,
				D0D7A1C01492EE520057F90D /* EXTSafeCategoryTest.m */,
				D0D7A1C11492EE520057F90D /* EXTScopeTest.h */,
				D0D7A1C21492EE520057F90D /* EXTScopeTest.m */,
			);
			name = libextobjc;
			sourceTree = "<group>";
		};
		D0DB5CB81492DDD5005955FB = {
			isa = PBXGroup;
			children = (
				D0DB5CCD1492DDD5005955FB /* Proton */,
				D0DB5CE31492DDD5005955FB /* ProtonTests */,
				D0DB5CC61492DDD5005955FB /* Frameworks */,
				D0DB5CF41492DDE9005955FB /* Configuration */,
				D0DB5CC51492DDD5005955FB /* Products */,
			);
			sourceTree = "<group>";
		};
		D0DB5CC51492DDD5005955FB /* Products */ = {
			isa = PBXGroup;
			children = (
				D0DB5CC41492DDD5005955FB /* Proton.framework */,
				D0DB5CDC1492DDD5005955FB /* Proton Mac Tests.octest */,
				D0B07ACE1492E72800A1E816 /* libProton.a */,
				D0B07ADC1492E72800A1E816 /* Proton iOS Tests.octest */,
			);
			name = Products;
			sourceTree = "<group>";
		};
		D0DB5CC61492DDD5005955FB /* Frameworks */ = {
			isa = PBXGroup;
			children = (
				D0D7A1A51492EE020057F90D /* libextobjc */,
				D0DB5CDD1492DDD5005955FB /* SenTestingKit.framework */,
				D0B07AF71492E76200A1E816 /* Foundation.framework */,
				D0B07ACF1492E72800A1E816 /* Foundation.framework */,
			);
			name = Frameworks;
			sourceTree = "<group>";
		};
		D0DB5CCD1492DDD5005955FB /* Proton */ = {
			isa = PBXGroup;
			children = (
				D0DB5CD41492DDD5005955FB /* Proton.h */,
				D06AA43F1494A1B400F0F94B /* Classes */,
				D06AA4321494A19600F0F94B /* Extensions */,
				D0DB5CCE1492DDD5005955FB /* Supporting Files */,
			);
			path = Proton;
			sourceTree = "<group>";
		};
		D0DB5CCE1492DDD5005955FB /* Supporting Files */ = {
			isa = PBXGroup;
			children = (
				D0DB5CCF1492DDD5005955FB /* Proton-Info.plist */,
				D0DB5CD01492DDD5005955FB /* InfoPlist.strings */,
				D0DB5CD31492DDD5005955FB /* Proton-Prefix.pch */,
			);
			name = "Supporting Files";
			sourceTree = "<group>";
		};
		D0DB5CE31492DDD5005955FB /* ProtonTests */ = {
			isa = PBXGroup;
			children = (
				D06AA45C1494A22600F0F94B /* Classes */,
				D0D7A1BC1492EE3F0057F90D /* libextobjc */,
				D0DB5CE41492DDD5005955FB /* Supporting Files */,
			);
			path = ProtonTests;
			sourceTree = "<group>";
		};
		D0DB5CE41492DDD5005955FB /* Supporting Files */ = {
			isa = PBXGroup;
			children = (
				D0DB5CE51492DDD5005955FB /* ProtonTests-Info.plist */,
				D0DB5CE61492DDD5005955FB /* InfoPlist.strings */,
			);
			name = "Supporting Files";
			sourceTree = "<group>";
		};
		D0DB5CF41492DDE9005955FB /* Configuration */ = {
			isa = PBXGroup;
			children = (
				D0DB5CF51492DDE9005955FB /* Base */,
				D0DB5CFE1492DDE9005955FB /* iOS */,
				D0DB5D021492DDE9005955FB /* Mac OS X */,
				D0DB5D081492DDE9005955FB /* README.md */,
			);
			name = Configuration;
			path = ../libextobjc/Configuration;
			sourceTree = "<group>";
		};
		D0DB5CF51492DDE9005955FB /* Base */ = {
			isa = PBXGroup;
			children = (
				D0DB5CF61492DDE9005955FB /* Common.xcconfig */,
				D0DB5CF71492DDE9005955FB /* Configurations */,
				D0DB5CFB1492DDE9005955FB /* Targets */,
			);
			path = Base;
			sourceTree = "<group>";
		};
		D0DB5CF71492DDE9005955FB /* Configurations */ = {
			isa = PBXGroup;
			children = (
				D0DB5CF81492DDE9005955FB /* Debug.xcconfig */,
				D0DB5CF91492DDE9005955FB /* Profile.xcconfig */,
				D0DB5CFA1492DDE9005955FB /* Release.xcconfig */,
			);
			path = Configurations;
			sourceTree = "<group>";
		};
		D0DB5CFB1492DDE9005955FB /* Targets */ = {
			isa = PBXGroup;
			children = (
				D0DB5CFC1492DDE9005955FB /* Application.xcconfig */,
				D0DB5CFD1492DDE9005955FB /* StaticLibrary.xcconfig */,
			);
			path = Targets;
			sourceTree = "<group>";
		};
		D0DB5CFE1492DDE9005955FB /* iOS */ = {
			isa = PBXGroup;
			children = (
				D0DB5CFF1492DDE9005955FB /* iOS-Application.xcconfig */,
				D0DB5D001492DDE9005955FB /* iOS-Base.xcconfig */,
				D0DB5D011492DDE9005955FB /* iOS-StaticLibrary.xcconfig */,
			);
			path = iOS;
			sourceTree = "<group>";
		};
		D0DB5D021492DDE9005955FB /* Mac OS X */ = {
			isa = PBXGroup;
			children = (
				D0DB5D031492DDE9005955FB /* Mac-Application.xcconfig */,
				D0DB5D041492DDE9005955FB /* Mac-Base.xcconfig */,
				D0DB5D051492DDE9005955FB /* Mac-DynamicLibrary.xcconfig */,
				D0DB5D061492DDE9005955FB /* Mac-Framework.xcconfig */,
				D0DB5D071492DDE9005955FB /* Mac-StaticLibrary.xcconfig */,
			);
			path = "Mac OS X";
			sourceTree = "<group>";
		};
/* End PBXGroup section */

/* Begin PBXHeadersBuildPhase section */
		D0B07ACC1492E72800A1E816 /* Headers */ = {
			isa = PBXHeadersBuildPhase;
			buildActionMask = 2147483647;
			files = (
				D0B07AF61492E75700A1E816 /* Proton.h in Headers */,
				D0D7A1AE1492EE1B0057F90D /* EXTRuntimeExtensions.h in Headers */,
				D0D7A1B21492EE1B0057F90D /* EXTSafeCategory.h in Headers */,
				D0D7A1B61492EE1B0057F90D /* EXTScope.h in Headers */,
				D0D7A1BB1492EE210057F90D /* metamacros.h in Headers */,
				D06AA4531494A1FF00F0F94B /* NSArray+HigherOrderAdditions.h in Headers */,
				D047032D1494A6F8004CB93A /* Foundation+LocalizationAdditions.h in Headers */,
				D04703311494A6F8004CB93A /* NSObject+ComparisonAdditions.h in Headers */,
				D04703351494A6F8004CB93A /* NSObject+ErrorAdditions.h in Headers */,
				1AB8D1491497F209007BE109 /* NSString+UniqueIdentifierAdditions.h in Headers */,
			);
			runOnlyForDeploymentPostprocessing = 0;
		};
		D0DB5CC11492DDD5005955FB /* Headers */ = {
			isa = PBXHeadersBuildPhase;
			buildActionMask = 2147483647;
			files = (
				D0B07AF51492E75200A1E816 /* Proton.h in Headers */,
				D0D7A1AD1492EE1B0057F90D /* EXTRuntimeExtensions.h in Headers */,
				D0D7A1B11492EE1B0057F90D /* EXTSafeCategory.h in Headers */,
				D0D7A1B51492EE1B0057F90D /* EXTScope.h in Headers */,
				D0D7A1BA1492EE210057F90D /* metamacros.h in Headers */,
				D06AA4521494A1FF00F0F94B /* NSArray+HigherOrderAdditions.h in Headers */,
				D047032C1494A6F8004CB93A /* Foundation+LocalizationAdditions.h in Headers */,
				D04703301494A6F8004CB93A /* NSObject+ComparisonAdditions.h in Headers */,
				D04703341494A6F8004CB93A /* NSObject+ErrorAdditions.h in Headers */,
				1AB8D1411497F0E8007BE109 /* NSString+UniqueIdentifierAdditions.h in Headers */,
			);
			runOnlyForDeploymentPostprocessing = 0;
		};
/* End PBXHeadersBuildPhase section */

/* Begin PBXNativeTarget section */
		D0B07ACD1492E72800A1E816 /* Proton iOS */ = {
			isa = PBXNativeTarget;
			buildConfigurationList = D0B07AF11492E72800A1E816 /* Build configuration list for PBXNativeTarget "Proton iOS" */;
			buildPhases = (
				D0B07ACA1492E72800A1E816 /* Sources */,
				D0B07ACB1492E72800A1E816 /* Frameworks */,
				D0B07ACC1492E72800A1E816 /* Headers */,
			);
			buildRules = (
			);
			dependencies = (
			);
			name = "Proton iOS";
			productName = "Proton iOS";
			productReference = D0B07ACE1492E72800A1E816 /* libProton.a */;
			productType = "com.apple.product-type.library.static";
		};
		D0B07ADB1492E72800A1E816 /* Proton iOS Tests */ = {
			isa = PBXNativeTarget;
			buildConfigurationList = D0B07AF21492E72800A1E816 /* Build configuration list for PBXNativeTarget "Proton iOS Tests" */;
			buildPhases = (
				D0B07AD71492E72800A1E816 /* Sources */,
				D0B07AD81492E72800A1E816 /* Frameworks */,
				D0B07AD91492E72800A1E816 /* Resources */,
				D0B07ADA1492E72800A1E816 /* ShellScript */,
			);
			buildRules = (
			);
			dependencies = (
				D0B07AE21492E72800A1E816 /* PBXTargetDependency */,
			);
			name = "Proton iOS Tests";
			productName = "Proton iOSTests";
			productReference = D0B07ADC1492E72800A1E816 /* Proton iOS Tests.octest */;
			productType = "com.apple.product-type.bundle";
		};
		D0DB5CC31492DDD5005955FB /* Proton Mac */ = {
			isa = PBXNativeTarget;
			buildConfigurationList = D0DB5CEE1492DDD5005955FB /* Build configuration list for PBXNativeTarget "Proton Mac" */;
			buildPhases = (
				D0DB5CBF1492DDD5005955FB /* Sources */,
				D0DB5CC01492DDD5005955FB /* Frameworks */,
				D0DB5CC11492DDD5005955FB /* Headers */,
				D0DB5CC21492DDD5005955FB /* Resources */,
			);
			buildRules = (
			);
			dependencies = (
			);
			name = "Proton Mac";
			productName = Proton;
			productReference = D0DB5CC41492DDD5005955FB /* Proton.framework */;
			productType = "com.apple.product-type.framework";
		};
		D0DB5CDB1492DDD5005955FB /* Proton Mac Tests */ = {
			isa = PBXNativeTarget;
			buildConfigurationList = D0DB5CF11492DDD5005955FB /* Build configuration list for PBXNativeTarget "Proton Mac Tests" */;
			buildPhases = (
				D0DB5CD71492DDD5005955FB /* Sources */,
				D0DB5CD81492DDD5005955FB /* Frameworks */,
				D0DB5CD91492DDD5005955FB /* Resources */,
				D0DB5CDA1492DDD5005955FB /* ShellScript */,
			);
			buildRules = (
			);
			dependencies = (
				D0DB5CE11492DDD5005955FB /* PBXTargetDependency */,
			);
			name = "Proton Mac Tests";
			productName = ProtonTests;
			productReference = D0DB5CDC1492DDD5005955FB /* Proton Mac Tests.octest */;
			productType = "com.apple.product-type.bundle";
		};
/* End PBXNativeTarget section */

/* Begin PBXProject section */
		D0DB5CBA1492DDD5005955FB /* Project object */ = {
			isa = PBXProject;
			attributes = {
				LastUpgradeCheck = 0420;
				ORGANIZATIONNAME = "Emerald Lark";
			};
			buildConfigurationList = D0DB5CBD1492DDD5005955FB /* Build configuration list for PBXProject "Proton" */;
			compatibilityVersion = "Xcode 3.2";
			developmentRegion = English;
			hasScannedForEncodings = 0;
			knownRegions = (
				en,
			);
			mainGroup = D0DB5CB81492DDD5005955FB;
			productRefGroup = D0DB5CC51492DDD5005955FB /* Products */;
			projectDirPath = "";
			projectRoot = "";
			targets = (
				D0DB5CC31492DDD5005955FB /* Proton Mac */,
				D0DB5CDB1492DDD5005955FB /* Proton Mac Tests */,
				D0B07ACD1492E72800A1E816 /* Proton iOS */,
				D0B07ADB1492E72800A1E816 /* Proton iOS Tests */,
			);
		};
/* End PBXProject section */

/* Begin PBXResourcesBuildPhase section */
		D0B07AD91492E72800A1E816 /* Resources */ = {
			isa = PBXResourcesBuildPhase;
			buildActionMask = 2147483647;
			files = (
			);
			runOnlyForDeploymentPostprocessing = 0;
		};
		D0DB5CC21492DDD5005955FB /* Resources */ = {
			isa = PBXResourcesBuildPhase;
			buildActionMask = 2147483647;
			files = (
				D0DB5CD21492DDD5005955FB /* InfoPlist.strings in Resources */,
			);
			runOnlyForDeploymentPostprocessing = 0;
		};
		D0DB5CD91492DDD5005955FB /* Resources */ = {
			isa = PBXResourcesBuildPhase;
			buildActionMask = 2147483647;
			files = (
				D0DB5CE81492DDD5005955FB /* InfoPlist.strings in Resources */,
			);
			runOnlyForDeploymentPostprocessing = 0;
		};
/* End PBXResourcesBuildPhase section */

/* Begin PBXShellScriptBuildPhase section */
		D0B07ADA1492E72800A1E816 /* ShellScript */ = {
			isa = PBXShellScriptBuildPhase;
			buildActionMask = 2147483647;
			files = (
			);
			inputPaths = (
			);
			outputPaths = (
			);
			runOnlyForDeploymentPostprocessing = 0;
			shellPath = /bin/sh;
			shellScript = "# Run the unit tests in this test bundle.\n\"${SYSTEM_DEVELOPER_DIR}/Tools/RunUnitTests\"\n";
		};
		D0DB5CDA1492DDD5005955FB /* ShellScript */ = {
			isa = PBXShellScriptBuildPhase;
			buildActionMask = 2147483647;
			files = (
			);
			inputPaths = (
			);
			outputPaths = (
			);
			runOnlyForDeploymentPostprocessing = 0;
			shellPath = /bin/sh;
			shellScript = "# Run the unit tests in this test bundle.\n\"${SYSTEM_DEVELOPER_DIR}/Tools/RunUnitTests\"\n";
		};
/* End PBXShellScriptBuildPhase section */

/* Begin PBXSourcesBuildPhase section */
		D0B07ACA1492E72800A1E816 /* Sources */ = {
			isa = PBXSourcesBuildPhase;
			buildActionMask = 2147483647;
			files = (
				D0D7A1B01492EE1B0057F90D /* EXTRuntimeExtensions.m in Sources */,
				D0D7A1B41492EE1B0057F90D /* EXTSafeCategory.m in Sources */,
				D0D7A1B81492EE1B0057F90D /* EXTScope.m in Sources */,
				D06AA4551494A1FF00F0F94B /* NSArray+HigherOrderAdditions.m in Sources */,
				D047032F1494A6F8004CB93A /* Foundation+LocalizationAdditions.m in Sources */,
				D04703331494A6F8004CB93A /* NSObject+ComparisonAdditions.m in Sources */,
				D04703371494A6F8004CB93A /* NSObject+ErrorAdditions.m in Sources */,
				1AB8D1441497F0EC007BE109 /* NSString+UniqueIdentifierAdditions.m in Sources */,
			);
			runOnlyForDeploymentPostprocessing = 0;
		};
		D0B07AD71492E72800A1E816 /* Sources */ = {
			isa = PBXSourcesBuildPhase;
			buildActionMask = 2147483647;
			files = (
				D0D7A1C41492EE520057F90D /* EXTRuntimeExtensionsTest.m in Sources */,
				D0D7A1C61492EE520057F90D /* EXTSafeCategoryTest.m in Sources */,
				D0D7A1C81492EE520057F90D /* EXTScopeTest.m in Sources */,
				D06AA45B1494A22300F0F94B /* PRONSArrayAdditionsTests.m in Sources */,
				D047033C1494A728004CB93A /* PRONSObjectAdditionsTests.m in Sources */,
				1AB8D1481497F145007BE109 /* PRONSStringAdditionTests.m in Sources */,
			);
			runOnlyForDeploymentPostprocessing = 0;
		};
		D0DB5CBF1492DDD5005955FB /* Sources */ = {
			isa = PBXSourcesBuildPhase;
			buildActionMask = 2147483647;
			files = (
				D0D7A1AF1492EE1B0057F90D /* EXTRuntimeExtensions.m in Sources */,
				D0D7A1B31492EE1B0057F90D /* EXTSafeCategory.m in Sources */,
				D0D7A1B71492EE1B0057F90D /* EXTScope.m in Sources */,
				D06AA4541494A1FF00F0F94B /* NSArray+HigherOrderAdditions.m in Sources */,
				D047032E1494A6F8004CB93A /* Foundation+LocalizationAdditions.m in Sources */,
				D04703321494A6F8004CB93A /* NSObject+ComparisonAdditions.m in Sources */,
				D04703361494A6F8004CB93A /* NSObject+ErrorAdditions.m in Sources */,
				1AB8D1421497F0E8007BE109 /* NSString+UniqueIdentifierAdditions.m in Sources */,
			);
			runOnlyForDeploymentPostprocessing = 0;
		};
		D0DB5CD71492DDD5005955FB /* Sources */ = {
			isa = PBXSourcesBuildPhase;
			buildActionMask = 2147483647;
			files = (
				D0D7A1C31492EE520057F90D /* EXTRuntimeExtensionsTest.m in Sources */,
				D0D7A1C51492EE520057F90D /* EXTSafeCategoryTest.m in Sources */,
				D0D7A1C71492EE520057F90D /* EXTScopeTest.m in Sources */,
				D06AA45A1494A22300F0F94B /* PRONSArrayAdditionsTests.m in Sources */,
				D047033B1494A728004CB93A /* PRONSObjectAdditionsTests.m in Sources */,
				1AB8D1471497F145007BE109 /* PRONSStringAdditionTests.m in Sources */,
			);
			runOnlyForDeploymentPostprocessing = 0;
		};
/* End PBXSourcesBuildPhase section */

/* Begin PBXTargetDependency section */
		D0B07AE21492E72800A1E816 /* PBXTargetDependency */ = {
			isa = PBXTargetDependency;
			target = D0B07ACD1492E72800A1E816 /* Proton iOS */;
			targetProxy = D0B07AE11492E72800A1E816 /* PBXContainerItemProxy */;
		};
		D0DB5CE11492DDD5005955FB /* PBXTargetDependency */ = {
			isa = PBXTargetDependency;
			target = D0DB5CC31492DDD5005955FB /* Proton Mac */;
			targetProxy = D0DB5CE01492DDD5005955FB /* PBXContainerItemProxy */;
		};
/* End PBXTargetDependency section */

/* Begin PBXVariantGroup section */
		D0DB5CD01492DDD5005955FB /* InfoPlist.strings */ = {
			isa = PBXVariantGroup;
			children = (
				D0DB5CD11492DDD5005955FB /* en */,
			);
			name = InfoPlist.strings;
			sourceTree = "<group>";
		};
		D0DB5CE61492DDD5005955FB /* InfoPlist.strings */ = {
			isa = PBXVariantGroup;
			children = (
				D0DB5CE71492DDD5005955FB /* en */,
			);
			name = InfoPlist.strings;
			sourceTree = "<group>";
		};
/* End PBXVariantGroup section */

/* Begin XCBuildConfiguration section */
		D091862F1492EB9C001DEBC8 /* Profile */ = {
			isa = XCBuildConfiguration;
			baseConfigurationReference = D0DB5CF91492DDE9005955FB /* Profile.xcconfig */;
			buildSettings = {
				GCC_PREFIX_HEADER = "Proton/Proton-Prefix.pch";
				IPHONEOS_DEPLOYMENT_TARGET = 5.0;
				MACOSX_DEPLOYMENT_TARGET = 10.7;
				PRODUCT_NAME = Proton;
				TEST_AFTER_BUILD = YES;
			};
			name = Profile;
		};
		D09186301492EB9C001DEBC8 /* Profile */ = {
			isa = XCBuildConfiguration;
			baseConfigurationReference = D0DB5D061492DDE9005955FB /* Mac-Framework.xcconfig */;
			buildSettings = {
				ARCHS = "$(ARCHS_STANDARD_64_BIT)";
				DYLIB_COMPATIBILITY_VERSION = 1;
				DYLIB_CURRENT_VERSION = 1;
				FRAMEWORK_VERSION = A;
				INFOPLIST_FILE = "Proton/Proton-Info.plist";
				SDKROOT = macosx;
				WRAPPER_EXTENSION = framework;
			};
			name = Profile;
		};
		D09186311492EB9C001DEBC8 /* Profile */ = {
			isa = XCBuildConfiguration;
			baseConfigurationReference = D0DB5D031492DDE9005955FB /* Mac-Application.xcconfig */;
			buildSettings = {
				ARCHS = "$(ARCHS_STANDARD_64_BIT)";
				FRAMEWORK_SEARCH_PATHS = "$(DEVELOPER_LIBRARY_DIR)/Frameworks";
				INFOPLIST_FILE = "ProtonTests/ProtonTests-Info.plist";
				PRODUCT_NAME = "$(TARGET_NAME)";
				SDKROOT = macosx;
				WRAPPER_EXTENSION = octest;
			};
			name = Profile;
		};
		D09186321492EB9C001DEBC8 /* Profile */ = {
			isa = XCBuildConfiguration;
			baseConfigurationReference = D0DB5D011492DDE9005955FB /* iOS-StaticLibrary.xcconfig */;
			buildSettings = {
				ARCHS = "$(ARCHS_STANDARD_32_BIT)";
				SDKROOT = iphoneos;
			};
			name = Profile;
		};
		D09186331492EB9C001DEBC8 /* Profile */ = {
			isa = XCBuildConfiguration;
			baseConfigurationReference = D0DB5CFF1492DDE9005955FB /* iOS-Application.xcconfig */;
			buildSettings = {
				ARCHS = "$(ARCHS_STANDARD_32_BIT)";
				FRAMEWORK_SEARCH_PATHS = (
					"$(SDKROOT)/Developer/Library/Frameworks",
					"$(DEVELOPER_LIBRARY_DIR)/Frameworks",
				);
				INFOPLIST_FILE = "ProtonTests/ProtonTests-Info.plist";
				OTHER_LDFLAGS = "-all_load";
				PRODUCT_NAME = "$(TARGET_NAME)";
				SDKROOT = iphoneos;
				WRAPPER_EXTENSION = octest;
			};
			name = Profile;
		};
		D0B07AED1492E72800A1E816 /* Debug */ = {
			isa = XCBuildConfiguration;
			baseConfigurationReference = D0DB5D011492DDE9005955FB /* iOS-StaticLibrary.xcconfig */;
			buildSettings = {
				ARCHS = "$(ARCHS_STANDARD_32_BIT)";
				SDKROOT = iphoneos;
			};
			name = Debug;
		};
		D0B07AEE1492E72800A1E816 /* Release */ = {
			isa = XCBuildConfiguration;
			baseConfigurationReference = D0DB5D011492DDE9005955FB /* iOS-StaticLibrary.xcconfig */;
			buildSettings = {
				ARCHS = "$(ARCHS_STANDARD_32_BIT)";
				SDKROOT = iphoneos;
			};
			name = Release;
		};
		D0B07AEF1492E72800A1E816 /* Debug */ = {
			isa = XCBuildConfiguration;
			baseConfigurationReference = D0DB5CFF1492DDE9005955FB /* iOS-Application.xcconfig */;
			buildSettings = {
				ARCHS = "$(ARCHS_STANDARD_32_BIT)";
				FRAMEWORK_SEARCH_PATHS = (
					"$(SDKROOT)/Developer/Library/Frameworks",
					"$(DEVELOPER_LIBRARY_DIR)/Frameworks",
				);
				INFOPLIST_FILE = "ProtonTests/ProtonTests-Info.plist";
				OTHER_LDFLAGS = "-all_load";
				PRODUCT_NAME = "$(TARGET_NAME)";
				SDKROOT = iphoneos;
				WRAPPER_EXTENSION = octest;
			};
			name = Debug;
		};
		D0B07AF01492E72800A1E816 /* Release */ = {
			isa = XCBuildConfiguration;
			baseConfigurationReference = D0DB5CFF1492DDE9005955FB /* iOS-Application.xcconfig */;
			buildSettings = {
				ARCHS = "$(ARCHS_STANDARD_32_BIT)";
				FRAMEWORK_SEARCH_PATHS = (
					"$(SDKROOT)/Developer/Library/Frameworks",
					"$(DEVELOPER_LIBRARY_DIR)/Frameworks",
				);
				INFOPLIST_FILE = "ProtonTests/ProtonTests-Info.plist";
				OTHER_LDFLAGS = "-all_load";
				PRODUCT_NAME = "$(TARGET_NAME)";
				SDKROOT = iphoneos;
				WRAPPER_EXTENSION = octest;
			};
			name = Release;
		};
		D0DB5CEC1492DDD5005955FB /* Debug */ = {
			isa = XCBuildConfiguration;
			baseConfigurationReference = D0DB5CF81492DDE9005955FB /* Debug.xcconfig */;
			buildSettings = {
				GCC_PREFIX_HEADER = "Proton/Proton-Prefix.pch";
				IPHONEOS_DEPLOYMENT_TARGET = 5.0;
				MACOSX_DEPLOYMENT_TARGET = 10.7;
				PRODUCT_NAME = Proton;
				TEST_AFTER_BUILD = YES;
			};
			name = Debug;
		};
		D0DB5CED1492DDD5005955FB /* Release */ = {
			isa = XCBuildConfiguration;
			baseConfigurationReference = D0DB5CFA1492DDE9005955FB /* Release.xcconfig */;
			buildSettings = {
				GCC_PREFIX_HEADER = "Proton/Proton-Prefix.pch";
				IPHONEOS_DEPLOYMENT_TARGET = 5.0;
				MACOSX_DEPLOYMENT_TARGET = 10.7;
				PRODUCT_NAME = Proton;
				TEST_AFTER_BUILD = YES;
			};
			name = Release;
		};
		D0DB5CEF1492DDD5005955FB /* Debug */ = {
			isa = XCBuildConfiguration;
			baseConfigurationReference = D0DB5D061492DDE9005955FB /* Mac-Framework.xcconfig */;
			buildSettings = {
				ARCHS = "$(ARCHS_STANDARD_64_BIT)";
				DYLIB_COMPATIBILITY_VERSION = 1;
				DYLIB_CURRENT_VERSION = 1;
				FRAMEWORK_VERSION = A;
				INFOPLIST_FILE = "Proton/Proton-Info.plist";
				SDKROOT = macosx;
				WRAPPER_EXTENSION = framework;
			};
			name = Debug;
		};
		D0DB5CF01492DDD5005955FB /* Release */ = {
			isa = XCBuildConfiguration;
			baseConfigurationReference = D0DB5D061492DDE9005955FB /* Mac-Framework.xcconfig */;
			buildSettings = {
				ARCHS = "$(ARCHS_STANDARD_64_BIT)";
				DYLIB_COMPATIBILITY_VERSION = 1;
				DYLIB_CURRENT_VERSION = 1;
				FRAMEWORK_VERSION = A;
				INFOPLIST_FILE = "Proton/Proton-Info.plist";
				SDKROOT = macosx;
				WRAPPER_EXTENSION = framework;
			};
			name = Release;
		};
		D0DB5CF21492DDD5005955FB /* Debug */ = {
			isa = XCBuildConfiguration;
			baseConfigurationReference = D0DB5D031492DDE9005955FB /* Mac-Application.xcconfig */;
			buildSettings = {
				ARCHS = "$(ARCHS_STANDARD_64_BIT)";
				FRAMEWORK_SEARCH_PATHS = "$(DEVELOPER_LIBRARY_DIR)/Frameworks";
				INFOPLIST_FILE = "ProtonTests/ProtonTests-Info.plist";
				PRODUCT_NAME = "$(TARGET_NAME)";
				SDKROOT = macosx;
				WRAPPER_EXTENSION = octest;
			};
			name = Debug;
		};
		D0DB5CF31492DDD5005955FB /* Release */ = {
			isa = XCBuildConfiguration;
			baseConfigurationReference = D0DB5D031492DDE9005955FB /* Mac-Application.xcconfig */;
			buildSettings = {
				ARCHS = "$(ARCHS_STANDARD_64_BIT)";
				FRAMEWORK_SEARCH_PATHS = "$(DEVELOPER_LIBRARY_DIR)/Frameworks";
				INFOPLIST_FILE = "ProtonTests/ProtonTests-Info.plist";
				PRODUCT_NAME = "$(TARGET_NAME)";
				SDKROOT = macosx;
				WRAPPER_EXTENSION = octest;
			};
			name = Release;
		};
/* End XCBuildConfiguration section */

/* Begin XCConfigurationList section */
		D0B07AF11492E72800A1E816 /* Build configuration list for PBXNativeTarget "Proton iOS" */ = {
			isa = XCConfigurationList;
			buildConfigurations = (
				D0B07AED1492E72800A1E816 /* Debug */,
				D0B07AEE1492E72800A1E816 /* Release */,
				D09186321492EB9C001DEBC8 /* Profile */,
			);
			defaultConfigurationIsVisible = 0;
			defaultConfigurationName = Release;
		};
		D0B07AF21492E72800A1E816 /* Build configuration list for PBXNativeTarget "Proton iOS Tests" */ = {
			isa = XCConfigurationList;
			buildConfigurations = (
				D0B07AEF1492E72800A1E816 /* Debug */,
				D0B07AF01492E72800A1E816 /* Release */,
				D09186331492EB9C001DEBC8 /* Profile */,
			);
			defaultConfigurationIsVisible = 0;
			defaultConfigurationName = Release;
		};
		D0DB5CBD1492DDD5005955FB /* Build configuration list for PBXProject "Proton" */ = {
			isa = XCConfigurationList;
			buildConfigurations = (
				D0DB5CEC1492DDD5005955FB /* Debug */,
				D0DB5CED1492DDD5005955FB /* Release */,
				D091862F1492EB9C001DEBC8 /* Profile */,
			);
			defaultConfigurationIsVisible = 0;
			defaultConfigurationName = Release;
		};
		D0DB5CEE1492DDD5005955FB /* Build configuration list for PBXNativeTarget "Proton Mac" */ = {
			isa = XCConfigurationList;
			buildConfigurations = (
				D0DB5CEF1492DDD5005955FB /* Debug */,
				D0DB5CF01492DDD5005955FB /* Release */,
				D09186301492EB9C001DEBC8 /* Profile */,
			);
			defaultConfigurationIsVisible = 0;
			defaultConfigurationName = Release;
		};
		D0DB5CF11492DDD5005955FB /* Build configuration list for PBXNativeTarget "Proton Mac Tests" */ = {
			isa = XCConfigurationList;
			buildConfigurations = (
				D0DB5CF21492DDD5005955FB /* Debug */,
				D0DB5CF31492DDD5005955FB /* Release */,
				D09186311492EB9C001DEBC8 /* Profile */,
			);
			defaultConfigurationIsVisible = 0;
			defaultConfigurationName = Release;
		};
/* End XCConfigurationList section */
	};
	rootObject = D0DB5CBA1492DDD5005955FB /* Project object */;
}
