// !$*UTF8*$!
{
	archiveVersion = 1;
	classes = {
	};
	objectVersion = 46;
	objects = {

/* Begin PBXBuildFile section */
		1A225922149C9887004B7BF2 /* PROUniqueIdentifier.h in Headers */ = {isa = PBXBuildFile; fileRef = 1A225920149C9887004B7BF2 /* PROUniqueIdentifier.h */; settings = {ATTRIBUTES = (Public, ); }; };
		1A225923149C9887004B7BF2 /* PROUniqueIdentifier.h in Headers */ = {isa = PBXBuildFile; fileRef = 1A225920149C9887004B7BF2 /* PROUniqueIdentifier.h */; settings = {ATTRIBUTES = (Public, ); }; };
		1A225924149C9887004B7BF2 /* PROUniqueIdentifier.m in Sources */ = {isa = PBXBuildFile; fileRef = 1A225921149C9887004B7BF2 /* PROUniqueIdentifier.m */; };
		1A225925149C9887004B7BF2 /* PROUniqueIdentifier.m in Sources */ = {isa = PBXBuildFile; fileRef = 1A225921149C9887004B7BF2 /* PROUniqueIdentifier.m */; };
		1A225929149C9D28004B7BF2 /* PROUniqueIdentifierTests.m in Sources */ = {isa = PBXBuildFile; fileRef = 1A225928149C9D28004B7BF2 /* PROUniqueIdentifierTests.m */; };
		1A22592A149C9D28004B7BF2 /* PROUniqueIdentifierTests.m in Sources */ = {isa = PBXBuildFile; fileRef = 1A225928149C9D28004B7BF2 /* PROUniqueIdentifierTests.m */; };
		1EA5FB0314A2C16100E3B764 /* PROIndexedTransformation.h in Headers */ = {isa = PBXBuildFile; fileRef = 1EA5FB0114A2C16100E3B764 /* PROIndexedTransformation.h */; settings = {ATTRIBUTES = (Public, ); }; };
		1EA5FB0414A2C16100E3B764 /* PROIndexedTransformation.m in Sources */ = {isa = PBXBuildFile; fileRef = 1EA5FB0214A2C16100E3B764 /* PROIndexedTransformation.m */; };
		1EA5FB0514A2C16B00E3B764 /* PROIndexedTransformation.m in Sources */ = {isa = PBXBuildFile; fileRef = 1EA5FB0214A2C16100E3B764 /* PROIndexedTransformation.m */; };
		1EA5FB0614A2C17400E3B764 /* PROIndexedTransformation.h in Headers */ = {isa = PBXBuildFile; fileRef = 1EA5FB0114A2C16100E3B764 /* PROIndexedTransformation.h */; settings = {ATTRIBUTES = (Public, ); }; };
		1EA5FB1B14A2C9FE00E3B764 /* PROIndexedTransformationTests.m in Sources */ = {isa = PBXBuildFile; fileRef = 1EA5FB1A14A2C9FE00E3B764 /* PROIndexedTransformationTests.m */; };
		1EA5FB1C14A2C9FE00E3B764 /* PROIndexedTransformationTests.m in Sources */ = {isa = PBXBuildFile; fileRef = 1EA5FB1A14A2C9FE00E3B764 /* PROIndexedTransformationTests.m */; };
		D00A490D1499451400EEBD92 /* PROKeyedObject.h in Headers */ = {isa = PBXBuildFile; fileRef = D00A490C1499451400EEBD92 /* PROKeyedObject.h */; settings = {ATTRIBUTES = (Public, ); }; };
		D00A490E1499451400EEBD92 /* PROKeyedObject.h in Headers */ = {isa = PBXBuildFile; fileRef = D00A490C1499451400EEBD92 /* PROKeyedObject.h */; settings = {ATTRIBUTES = (Public, ); }; };
		D010F0B51498361800D0D1E5 /* PROKeyedTransformationTests.m in Sources */ = {isa = PBXBuildFile; fileRef = D010F0B41498361800D0D1E5 /* PROKeyedTransformationTests.m */; };
		D010F0B61498361800D0D1E5 /* PROKeyedTransformationTests.m in Sources */ = {isa = PBXBuildFile; fileRef = D010F0B41498361800D0D1E5 /* PROKeyedTransformationTests.m */; };
		D030A61D149817F200D2B2A1 /* PROMultipleTransformationTests.m in Sources */ = {isa = PBXBuildFile; fileRef = D030A61C149817F200D2B2A1 /* PROMultipleTransformationTests.m */; };
		D030A61E149817F200D2B2A1 /* PROMultipleTransformationTests.m in Sources */ = {isa = PBXBuildFile; fileRef = D030A61C149817F200D2B2A1 /* PROMultipleTransformationTests.m */; };
		D030A63514981D8900D2B2A1 /* NSDictionary+PROKeyedObjectAdditions.h in Headers */ = {isa = PBXBuildFile; fileRef = D030A63314981D8900D2B2A1 /* NSDictionary+PROKeyedObjectAdditions.h */; settings = {ATTRIBUTES = (Public, ); }; };
		D030A63614981D8900D2B2A1 /* NSDictionary+PROKeyedObjectAdditions.h in Headers */ = {isa = PBXBuildFile; fileRef = D030A63314981D8900D2B2A1 /* NSDictionary+PROKeyedObjectAdditions.h */; settings = {ATTRIBUTES = (Public, ); }; };
		D030A63714981D8900D2B2A1 /* NSDictionary+PROKeyedObjectAdditions.m in Sources */ = {isa = PBXBuildFile; fileRef = D030A63414981D8900D2B2A1 /* NSDictionary+PROKeyedObjectAdditions.m */; };
		D030A63814981D8900D2B2A1 /* NSDictionary+PROKeyedObjectAdditions.m in Sources */ = {isa = PBXBuildFile; fileRef = D030A63414981D8900D2B2A1 /* NSDictionary+PROKeyedObjectAdditions.m */; };
		D030A63C14981E1F00D2B2A1 /* PRONSDictionaryAdditionsTests.m in Sources */ = {isa = PBXBuildFile; fileRef = D030A63B14981E1F00D2B2A1 /* PRONSDictionaryAdditionsTests.m */; };
		D030A63D14981E1F00D2B2A1 /* PRONSDictionaryAdditionsTests.m in Sources */ = {isa = PBXBuildFile; fileRef = D030A63B14981E1F00D2B2A1 /* PRONSDictionaryAdditionsTests.m */; };
		D031BA8F14A53B5000A38526 /* PROKeyValueObserver.h in Headers */ = {isa = PBXBuildFile; fileRef = D031BA8D14A53B5000A38526 /* PROKeyValueObserver.h */; settings = {ATTRIBUTES = (Public, ); }; };
		D031BA9014A53B5000A38526 /* PROKeyValueObserver.h in Headers */ = {isa = PBXBuildFile; fileRef = D031BA8D14A53B5000A38526 /* PROKeyValueObserver.h */; settings = {ATTRIBUTES = (Public, ); }; };
		D031BA9114A53B5000A38526 /* PROKeyValueObserver.m in Sources */ = {isa = PBXBuildFile; fileRef = D031BA8E14A53B5000A38526 /* PROKeyValueObserver.m */; };
		D031BA9214A53B5000A38526 /* PROKeyValueObserver.m in Sources */ = {isa = PBXBuildFile; fileRef = D031BA8E14A53B5000A38526 /* PROKeyValueObserver.m */; };
		D031BA9514A53F4600A38526 /* PROKeyValueObserverTests.m in Sources */ = {isa = PBXBuildFile; fileRef = D031BA9414A53F4600A38526 /* PROKeyValueObserverTests.m */; };
		D031BA9614A53F4600A38526 /* PROKeyValueObserverTests.m in Sources */ = {isa = PBXBuildFile; fileRef = D031BA9414A53F4600A38526 /* PROKeyValueObserverTests.m */; };
		D031BA9F14A543E900A38526 /* NSObject+PROKeyValueObserverAdditions.h in Headers */ = {isa = PBXBuildFile; fileRef = D031BA9D14A543E900A38526 /* NSObject+PROKeyValueObserverAdditions.h */; settings = {ATTRIBUTES = (Public, ); }; };
		D031BAA014A543E900A38526 /* NSObject+PROKeyValueObserverAdditions.h in Headers */ = {isa = PBXBuildFile; fileRef = D031BA9D14A543E900A38526 /* NSObject+PROKeyValueObserverAdditions.h */; settings = {ATTRIBUTES = (Public, ); }; };
		D031BAA114A543E900A38526 /* NSObject+PROKeyValueObserverAdditions.m in Sources */ = {isa = PBXBuildFile; fileRef = D031BA9E14A543E900A38526 /* NSObject+PROKeyValueObserverAdditions.m */; };
		D031BAA214A543E900A38526 /* NSObject+PROKeyValueObserverAdditions.m in Sources */ = {isa = PBXBuildFile; fileRef = D031BA9E14A543E900A38526 /* NSObject+PROKeyValueObserverAdditions.m */; };
		D04460EB14A6828D000053C9 /* PROOrderTransformation.h in Headers */ = {isa = PBXBuildFile; fileRef = D04460E914A6828D000053C9 /* PROOrderTransformation.h */; settings = {ATTRIBUTES = (Public, ); }; };
		D04460EC14A6828D000053C9 /* PROOrderTransformation.h in Headers */ = {isa = PBXBuildFile; fileRef = D04460E914A6828D000053C9 /* PROOrderTransformation.h */; settings = {ATTRIBUTES = (Public, ); }; };
		D04460ED14A6828D000053C9 /* PROOrderTransformation.m in Sources */ = {isa = PBXBuildFile; fileRef = D04460EA14A6828D000053C9 /* PROOrderTransformation.m */; };
		D04460EE14A6828D000053C9 /* PROOrderTransformation.m in Sources */ = {isa = PBXBuildFile; fileRef = D04460EA14A6828D000053C9 /* PROOrderTransformation.m */; };
		D04460F614A6850A000053C9 /* PROOrderTransformationTests.m in Sources */ = {isa = PBXBuildFile; fileRef = D04460F514A6850A000053C9 /* PROOrderTransformationTests.m */; };
		D04460F714A6850A000053C9 /* PROOrderTransformationTests.m in Sources */ = {isa = PBXBuildFile; fileRef = D04460F514A6850A000053C9 /* PROOrderTransformationTests.m */; };
		D047032C1494A6F8004CB93A /* Foundation+LocalizationAdditions.h in Headers */ = {isa = PBXBuildFile; fileRef = D04703261494A6F8004CB93A /* Foundation+LocalizationAdditions.h */; settings = {ATTRIBUTES = (Public, ); }; };
		D047032D1494A6F8004CB93A /* Foundation+LocalizationAdditions.h in Headers */ = {isa = PBXBuildFile; fileRef = D04703261494A6F8004CB93A /* Foundation+LocalizationAdditions.h */; settings = {ATTRIBUTES = (Public, ); }; };
		D047032E1494A6F8004CB93A /* Foundation+LocalizationAdditions.m in Sources */ = {isa = PBXBuildFile; fileRef = D04703271494A6F8004CB93A /* Foundation+LocalizationAdditions.m */; };
		D047032F1494A6F8004CB93A /* Foundation+LocalizationAdditions.m in Sources */ = {isa = PBXBuildFile; fileRef = D04703271494A6F8004CB93A /* Foundation+LocalizationAdditions.m */; };
		D04703301494A6F8004CB93A /* NSObject+ComparisonAdditions.h in Headers */ = {isa = PBXBuildFile; fileRef = D04703281494A6F8004CB93A /* NSObject+ComparisonAdditions.h */; settings = {ATTRIBUTES = (Public, ); }; };
		D04703311494A6F8004CB93A /* NSObject+ComparisonAdditions.h in Headers */ = {isa = PBXBuildFile; fileRef = D04703281494A6F8004CB93A /* NSObject+ComparisonAdditions.h */; settings = {ATTRIBUTES = (Public, ); }; };
		D04703321494A6F8004CB93A /* NSObject+ComparisonAdditions.m in Sources */ = {isa = PBXBuildFile; fileRef = D04703291494A6F8004CB93A /* NSObject+ComparisonAdditions.m */; };
		D04703331494A6F8004CB93A /* NSObject+ComparisonAdditions.m in Sources */ = {isa = PBXBuildFile; fileRef = D04703291494A6F8004CB93A /* NSObject+ComparisonAdditions.m */; };
		D04703341494A6F8004CB93A /* NSObject+ErrorAdditions.h in Headers */ = {isa = PBXBuildFile; fileRef = D047032A1494A6F8004CB93A /* NSObject+ErrorAdditions.h */; settings = {ATTRIBUTES = (Public, ); }; };
		D04703351494A6F8004CB93A /* NSObject+ErrorAdditions.h in Headers */ = {isa = PBXBuildFile; fileRef = D047032A1494A6F8004CB93A /* NSObject+ErrorAdditions.h */; settings = {ATTRIBUTES = (Public, ); }; };
		D04703361494A6F8004CB93A /* NSObject+ErrorAdditions.m in Sources */ = {isa = PBXBuildFile; fileRef = D047032B1494A6F8004CB93A /* NSObject+ErrorAdditions.m */; };
		D04703371494A6F8004CB93A /* NSObject+ErrorAdditions.m in Sources */ = {isa = PBXBuildFile; fileRef = D047032B1494A6F8004CB93A /* NSObject+ErrorAdditions.m */; };
		D047033B1494A728004CB93A /* PRONSObjectAdditionsTests.m in Sources */ = {isa = PBXBuildFile; fileRef = D047033A1494A728004CB93A /* PRONSObjectAdditionsTests.m */; };
		D047033C1494A728004CB93A /* PRONSObjectAdditionsTests.m in Sources */ = {isa = PBXBuildFile; fileRef = D047033A1494A728004CB93A /* PRONSObjectAdditionsTests.m */; };
		D0477F5914970DE700B0DAB0 /* PROTransformation.h in Headers */ = {isa = PBXBuildFile; fileRef = D0477F5714970DE700B0DAB0 /* PROTransformation.h */; settings = {ATTRIBUTES = (Public, ); }; };
		D0477F5A14970DE700B0DAB0 /* PROTransformation.h in Headers */ = {isa = PBXBuildFile; fileRef = D0477F5714970DE700B0DAB0 /* PROTransformation.h */; settings = {ATTRIBUTES = (Public, ); }; };
		D0477F5B14970DE700B0DAB0 /* PROTransformation.m in Sources */ = {isa = PBXBuildFile; fileRef = D0477F5814970DE700B0DAB0 /* PROTransformation.m */; };
		D0477F5C14970DE700B0DAB0 /* PROTransformation.m in Sources */ = {isa = PBXBuildFile; fileRef = D0477F5814970DE700B0DAB0 /* PROTransformation.m */; };
		D0477F5F1497460000B0DAB0 /* PROUniqueTransformation.h in Headers */ = {isa = PBXBuildFile; fileRef = D0477F5D1497460000B0DAB0 /* PROUniqueTransformation.h */; settings = {ATTRIBUTES = (Public, ); }; };
		D0477F601497460000B0DAB0 /* PROUniqueTransformation.h in Headers */ = {isa = PBXBuildFile; fileRef = D0477F5D1497460000B0DAB0 /* PROUniqueTransformation.h */; settings = {ATTRIBUTES = (Public, ); }; };
		D0477F611497460000B0DAB0 /* PROUniqueTransformation.m in Sources */ = {isa = PBXBuildFile; fileRef = D0477F5E1497460000B0DAB0 /* PROUniqueTransformation.m */; };
		D0477F621497460000B0DAB0 /* PROUniqueTransformation.m in Sources */ = {isa = PBXBuildFile; fileRef = D0477F5E1497460000B0DAB0 /* PROUniqueTransformation.m */; };
		D0477F651497464F00B0DAB0 /* PROMultipleTransformation.h in Headers */ = {isa = PBXBuildFile; fileRef = D0477F631497464F00B0DAB0 /* PROMultipleTransformation.h */; settings = {ATTRIBUTES = (Public, ); }; };
		D0477F661497464F00B0DAB0 /* PROMultipleTransformation.h in Headers */ = {isa = PBXBuildFile; fileRef = D0477F631497464F00B0DAB0 /* PROMultipleTransformation.h */; settings = {ATTRIBUTES = (Public, ); }; };
		D0477F671497464F00B0DAB0 /* PROMultipleTransformation.m in Sources */ = {isa = PBXBuildFile; fileRef = D0477F641497464F00B0DAB0 /* PROMultipleTransformation.m */; };
		D0477F681497464F00B0DAB0 /* PROMultipleTransformation.m in Sources */ = {isa = PBXBuildFile; fileRef = D0477F641497464F00B0DAB0 /* PROMultipleTransformation.m */; };
		D0477F6B149746BD00B0DAB0 /* PROKeyedTransformation.h in Headers */ = {isa = PBXBuildFile; fileRef = D0477F69149746BD00B0DAB0 /* PROKeyedTransformation.h */; settings = {ATTRIBUTES = (Public, ); }; };
		D0477F6C149746BD00B0DAB0 /* PROKeyedTransformation.h in Headers */ = {isa = PBXBuildFile; fileRef = D0477F69149746BD00B0DAB0 /* PROKeyedTransformation.h */; settings = {ATTRIBUTES = (Public, ); }; };
		D0477F6D149746BD00B0DAB0 /* PROKeyedTransformation.m in Sources */ = {isa = PBXBuildFile; fileRef = D0477F6A149746BD00B0DAB0 /* PROKeyedTransformation.m */; };
		D0477F6E149746BD00B0DAB0 /* PROKeyedTransformation.m in Sources */ = {isa = PBXBuildFile; fileRef = D0477F6A149746BD00B0DAB0 /* PROKeyedTransformation.m */; };
		D04D284814A5628B00197AB9 /* PROKeyValueCodingMacros.h in Headers */ = {isa = PBXBuildFile; fileRef = D04D284714A5628B00197AB9 /* PROKeyValueCodingMacros.h */; settings = {ATTRIBUTES = (Public, ); }; };
		D04D284914A5628B00197AB9 /* PROKeyValueCodingMacros.h in Headers */ = {isa = PBXBuildFile; fileRef = D04D284714A5628B00197AB9 /* PROKeyValueCodingMacros.h */; settings = {ATTRIBUTES = (Public, ); }; };
		D04D284C14A5633C00197AB9 /* PROKeyValueCodingMacrosTests.m in Sources */ = {isa = PBXBuildFile; fileRef = D04D284B14A5633C00197AB9 /* PROKeyValueCodingMacrosTests.m */; };
		D04D284D14A5633C00197AB9 /* PROKeyValueCodingMacrosTests.m in Sources */ = {isa = PBXBuildFile; fileRef = D04D284B14A5633C00197AB9 /* PROKeyValueCodingMacrosTests.m */; };
		D06AA4521494A1FF00F0F94B /* NSArray+HigherOrderAdditions.h in Headers */ = {isa = PBXBuildFile; fileRef = D06AA4501494A1FF00F0F94B /* NSArray+HigherOrderAdditions.h */; settings = {ATTRIBUTES = (Public, ); }; };
		D06AA4531494A1FF00F0F94B /* NSArray+HigherOrderAdditions.h in Headers */ = {isa = PBXBuildFile; fileRef = D06AA4501494A1FF00F0F94B /* NSArray+HigherOrderAdditions.h */; settings = {ATTRIBUTES = (Public, ); }; };
		D06AA4541494A1FF00F0F94B /* NSArray+HigherOrderAdditions.m in Sources */ = {isa = PBXBuildFile; fileRef = D06AA4511494A1FF00F0F94B /* NSArray+HigherOrderAdditions.m */; };
		D06AA4551494A1FF00F0F94B /* NSArray+HigherOrderAdditions.m in Sources */ = {isa = PBXBuildFile; fileRef = D06AA4511494A1FF00F0F94B /* NSArray+HigherOrderAdditions.m */; };
		D06AA45A1494A22300F0F94B /* PRONSArrayAdditionsTests.m in Sources */ = {isa = PBXBuildFile; fileRef = D06AA4591494A22300F0F94B /* PRONSArrayAdditionsTests.m */; };
		D06AA45B1494A22300F0F94B /* PRONSArrayAdditionsTests.m in Sources */ = {isa = PBXBuildFile; fileRef = D06AA4591494A22300F0F94B /* PRONSArrayAdditionsTests.m */; };
		D07D6E8E1499DF7300192DED /* NSSet+HigherOrderAdditions.h in Headers */ = {isa = PBXBuildFile; fileRef = D07D6E8C1499DF7300192DED /* NSSet+HigherOrderAdditions.h */; settings = {ATTRIBUTES = (Public, ); }; };
		D07D6E8F1499DF7300192DED /* NSSet+HigherOrderAdditions.h in Headers */ = {isa = PBXBuildFile; fileRef = D07D6E8C1499DF7300192DED /* NSSet+HigherOrderAdditions.h */; settings = {ATTRIBUTES = (Public, ); }; };
		D07D6E901499DF7300192DED /* NSSet+HigherOrderAdditions.m in Sources */ = {isa = PBXBuildFile; fileRef = D07D6E8D1499DF7300192DED /* NSSet+HigherOrderAdditions.m */; };
		D07D6E911499DF7300192DED /* NSSet+HigherOrderAdditions.m in Sources */ = {isa = PBXBuildFile; fileRef = D07D6E8D1499DF7300192DED /* NSSet+HigherOrderAdditions.m */; };
		D07D6E951499DFE900192DED /* NSDictionary+HigherOrderAdditions.h in Headers */ = {isa = PBXBuildFile; fileRef = D07D6E931499DFE900192DED /* NSDictionary+HigherOrderAdditions.h */; settings = {ATTRIBUTES = (Public, ); }; };
		D07D6E961499DFE900192DED /* NSDictionary+HigherOrderAdditions.h in Headers */ = {isa = PBXBuildFile; fileRef = D07D6E931499DFE900192DED /* NSDictionary+HigherOrderAdditions.h */; settings = {ATTRIBUTES = (Public, ); }; };
		D07D6E971499DFE900192DED /* NSDictionary+HigherOrderAdditions.m in Sources */ = {isa = PBXBuildFile; fileRef = D07D6E941499DFE900192DED /* NSDictionary+HigherOrderAdditions.m */; };
		D07D6E981499DFE900192DED /* NSDictionary+HigherOrderAdditions.m in Sources */ = {isa = PBXBuildFile; fileRef = D07D6E941499DFE900192DED /* NSDictionary+HigherOrderAdditions.m */; };
		D07D6E9B1499E02A00192DED /* NSOrderedSet+HigherOrderAdditions.h in Headers */ = {isa = PBXBuildFile; fileRef = D07D6E991499E02A00192DED /* NSOrderedSet+HigherOrderAdditions.h */; settings = {ATTRIBUTES = (Public, ); }; };
		D07D6E9C1499E02A00192DED /* NSOrderedSet+HigherOrderAdditions.h in Headers */ = {isa = PBXBuildFile; fileRef = D07D6E991499E02A00192DED /* NSOrderedSet+HigherOrderAdditions.h */; settings = {ATTRIBUTES = (Public, ); }; };
		D07D6E9D1499E02A00192DED /* NSOrderedSet+HigherOrderAdditions.m in Sources */ = {isa = PBXBuildFile; fileRef = D07D6E9A1499E02A00192DED /* NSOrderedSet+HigherOrderAdditions.m */; };
		D07D6E9E1499E02A00192DED /* NSOrderedSet+HigherOrderAdditions.m in Sources */ = {isa = PBXBuildFile; fileRef = D07D6E9A1499E02A00192DED /* NSOrderedSet+HigherOrderAdditions.m */; };
		D07D6EB21499E22600192DED /* PRONSSetAdditionsTests.m in Sources */ = {isa = PBXBuildFile; fileRef = D07D6EB11499E22600192DED /* PRONSSetAdditionsTests.m */; };
		D07D6EB31499E22600192DED /* PRONSSetAdditionsTests.m in Sources */ = {isa = PBXBuildFile; fileRef = D07D6EB11499E22600192DED /* PRONSSetAdditionsTests.m */; };
		D07D6EC01499E47C00192DED /* PRONSOrderedSetAdditionsTests.m in Sources */ = {isa = PBXBuildFile; fileRef = D07D6EBF1499E47C00192DED /* PRONSOrderedSetAdditionsTests.m */; };
		D07D6EC11499E47C00192DED /* PRONSOrderedSetAdditionsTests.m in Sources */ = {isa = PBXBuildFile; fileRef = D07D6EBF1499E47C00192DED /* PRONSOrderedSetAdditionsTests.m */; };
		D080D58514A5DF3800FABAA2 /* PROFuture.h in Headers */ = {isa = PBXBuildFile; fileRef = D080D58314A5DF3800FABAA2 /* PROFuture.h */; settings = {ATTRIBUTES = (Public, ); }; };
		D080D58614A5DF3800FABAA2 /* PROFuture.h in Headers */ = {isa = PBXBuildFile; fileRef = D080D58314A5DF3800FABAA2 /* PROFuture.h */; settings = {ATTRIBUTES = (Public, ); }; };
		D080D58714A5DF3800FABAA2 /* PROFuture.m in Sources */ = {isa = PBXBuildFile; fileRef = D080D58414A5DF3800FABAA2 /* PROFuture.m */; };
		D080D58814A5DF3800FABAA2 /* PROFuture.m in Sources */ = {isa = PBXBuildFile; fileRef = D080D58414A5DF3800FABAA2 /* PROFuture.m */; };
		D080D58B14A5E4B200FABAA2 /* PROFutureTests.m in Sources */ = {isa = PBXBuildFile; fileRef = D080D58A14A5E4B200FABAA2 /* PROFutureTests.m */; };
		D080D58C14A5E4B200FABAA2 /* PROFutureTests.m in Sources */ = {isa = PBXBuildFile; fileRef = D080D58A14A5E4B200FABAA2 /* PROFutureTests.m */; };
		D080E0F214AA971000F6EABB /* PROInsertionTransformation.h in Headers */ = {isa = PBXBuildFile; fileRef = D080E0F014AA971000F6EABB /* PROInsertionTransformation.h */; settings = {ATTRIBUTES = (Public, ); }; };
		D080E0F314AA971000F6EABB /* PROInsertionTransformation.h in Headers */ = {isa = PBXBuildFile; fileRef = D080E0F014AA971000F6EABB /* PROInsertionTransformation.h */; settings = {ATTRIBUTES = (Public, ); }; };
		D080E0F414AA971000F6EABB /* PROInsertionTransformation.m in Sources */ = {isa = PBXBuildFile; fileRef = D080E0F114AA971000F6EABB /* PROInsertionTransformation.m */; };
		D080E0F514AA971000F6EABB /* PROInsertionTransformation.m in Sources */ = {isa = PBXBuildFile; fileRef = D080E0F114AA971000F6EABB /* PROInsertionTransformation.m */; };
		D080E0F914AA976500F6EABB /* PRORemovalTransformation.h in Headers */ = {isa = PBXBuildFile; fileRef = D080E0F714AA976500F6EABB /* PRORemovalTransformation.h */; settings = {ATTRIBUTES = (Public, ); }; };
		D080E0FA14AA976500F6EABB /* PRORemovalTransformation.h in Headers */ = {isa = PBXBuildFile; fileRef = D080E0F714AA976500F6EABB /* PRORemovalTransformation.h */; settings = {ATTRIBUTES = (Public, ); }; };
		D080E0FB14AA976500F6EABB /* PRORemovalTransformation.m in Sources */ = {isa = PBXBuildFile; fileRef = D080E0F814AA976500F6EABB /* PRORemovalTransformation.m */; };
		D080E0FC14AA976500F6EABB /* PRORemovalTransformation.m in Sources */ = {isa = PBXBuildFile; fileRef = D080E0F814AA976500F6EABB /* PRORemovalTransformation.m */; };
		D080E0FF14AA97AD00F6EABB /* PROInsertionTransformationTests.m in Sources */ = {isa = PBXBuildFile; fileRef = D080E0FE14AA97AD00F6EABB /* PROInsertionTransformationTests.m */; };
		D080E10014AA97AD00F6EABB /* PROInsertionTransformationTests.m in Sources */ = {isa = PBXBuildFile; fileRef = D080E0FE14AA97AD00F6EABB /* PROInsertionTransformationTests.m */; };
		D080E10314AA97D700F6EABB /* PRORemovalTransformationTests.m in Sources */ = {isa = PBXBuildFile; fileRef = D080E10214AA97D700F6EABB /* PRORemovalTransformationTests.m */; };
		D080E10414AA97D700F6EABB /* PRORemovalTransformationTests.m in Sources */ = {isa = PBXBuildFile; fileRef = D080E10214AA97D700F6EABB /* PRORemovalTransformationTests.m */; };
		D084678B14A40DE800E2856F /* SDQueue.h in Headers */ = {isa = PBXBuildFile; fileRef = D084678914A40DE800E2856F /* SDQueue.h */; settings = {ATTRIBUTES = (Public, ); }; };
		D084678C14A40DE800E2856F /* SDQueue.h in Headers */ = {isa = PBXBuildFile; fileRef = D084678914A40DE800E2856F /* SDQueue.h */; settings = {ATTRIBUTES = (Public, ); }; };
		D084678D14A40DE800E2856F /* SDQueue.m in Sources */ = {isa = PBXBuildFile; fileRef = D084678A14A40DE800E2856F /* SDQueue.m */; };
		D084678E14A40DE800E2856F /* SDQueue.m in Sources */ = {isa = PBXBuildFile; fileRef = D084678A14A40DE800E2856F /* SDQueue.m */; };
		D084679114A40DEF00E2856F /* SDQueueTests.m in Sources */ = {isa = PBXBuildFile; fileRef = D084679014A40DEF00E2856F /* SDQueueTests.m */; };
		D084679214A40DEF00E2856F /* SDQueueTests.m in Sources */ = {isa = PBXBuildFile; fileRef = D084679014A40DEF00E2856F /* SDQueueTests.m */; };
		D09186741492EC3E001DEBC8 /* Foundation.framework in Frameworks */ = {isa = PBXBuildFile; fileRef = D0B07AF71492E76200A1E816 /* Foundation.framework */; };
		D0B07AD01492E72800A1E816 /* Foundation.framework in Frameworks */ = {isa = PBXBuildFile; fileRef = D0B07ACF1492E72800A1E816 /* Foundation.framework */; };
		D0B07ADD1492E72800A1E816 /* SenTestingKit.framework in Frameworks */ = {isa = PBXBuildFile; fileRef = D0DB5CDD1492DDD5005955FB /* SenTestingKit.framework */; };
		D0B07AE01492E72800A1E816 /* Foundation.framework in Frameworks */ = {isa = PBXBuildFile; fileRef = D0B07ACF1492E72800A1E816 /* Foundation.framework */; };
		D0B07AE31492E72800A1E816 /* libProton.a in Frameworks */ = {isa = PBXBuildFile; fileRef = D0B07ACE1492E72800A1E816 /* libProton.a */; };
		D0B07AF51492E75200A1E816 /* Proton.h in Headers */ = {isa = PBXBuildFile; fileRef = D0DB5CD41492DDD5005955FB /* Proton.h */; settings = {ATTRIBUTES = (Public, ); }; };
		D0B07AF61492E75700A1E816 /* Proton.h in Headers */ = {isa = PBXBuildFile; fileRef = D0DB5CD41492DDD5005955FB /* Proton.h */; settings = {ATTRIBUTES = (Public, ); }; };
		D0B07AF81492E76200A1E816 /* Foundation.framework in Frameworks */ = {isa = PBXBuildFile; fileRef = D0B07AF71492E76200A1E816 /* Foundation.framework */; };
		D0C42D6314984CE100A08989 /* PROModel.h in Headers */ = {isa = PBXBuildFile; fileRef = D0C42D6114984CE100A08989 /* PROModel.h */; settings = {ATTRIBUTES = (Public, ); }; };
		D0C42D6414984CE100A08989 /* PROModel.h in Headers */ = {isa = PBXBuildFile; fileRef = D0C42D6114984CE100A08989 /* PROModel.h */; settings = {ATTRIBUTES = (Public, ); }; };
		D0C42D6514984CE100A08989 /* PROModel.m in Sources */ = {isa = PBXBuildFile; fileRef = D0C42D6214984CE100A08989 /* PROModel.m */; };
		D0C42D6614984CE100A08989 /* PROModel.m in Sources */ = {isa = PBXBuildFile; fileRef = D0C42D6214984CE100A08989 /* PROModel.m */; };
		D0C42D79149857CB00A08989 /* PROModelTests.m in Sources */ = {isa = PBXBuildFile; fileRef = D0C42D78149857CB00A08989 /* PROModelTests.m */; };
		D0C42D7A149857CB00A08989 /* PROModelTests.m in Sources */ = {isa = PBXBuildFile; fileRef = D0C42D78149857CB00A08989 /* PROModelTests.m */; };
		D0D7A1AD1492EE1B0057F90D /* EXTRuntimeExtensions.h in Headers */ = {isa = PBXBuildFile; fileRef = D0D7A1A71492EE1B0057F90D /* EXTRuntimeExtensions.h */; settings = {ATTRIBUTES = (Public, ); }; };
		D0D7A1AE1492EE1B0057F90D /* EXTRuntimeExtensions.h in Headers */ = {isa = PBXBuildFile; fileRef = D0D7A1A71492EE1B0057F90D /* EXTRuntimeExtensions.h */; settings = {ATTRIBUTES = (Public, ); }; };
		D0D7A1AF1492EE1B0057F90D /* EXTRuntimeExtensions.m in Sources */ = {isa = PBXBuildFile; fileRef = D0D7A1A81492EE1B0057F90D /* EXTRuntimeExtensions.m */; };
		D0D7A1B01492EE1B0057F90D /* EXTRuntimeExtensions.m in Sources */ = {isa = PBXBuildFile; fileRef = D0D7A1A81492EE1B0057F90D /* EXTRuntimeExtensions.m */; };
		D0D7A1B11492EE1B0057F90D /* EXTSafeCategory.h in Headers */ = {isa = PBXBuildFile; fileRef = D0D7A1A91492EE1B0057F90D /* EXTSafeCategory.h */; settings = {ATTRIBUTES = (Public, ); }; };
		D0D7A1B21492EE1B0057F90D /* EXTSafeCategory.h in Headers */ = {isa = PBXBuildFile; fileRef = D0D7A1A91492EE1B0057F90D /* EXTSafeCategory.h */; settings = {ATTRIBUTES = (Public, ); }; };
		D0D7A1B31492EE1B0057F90D /* EXTSafeCategory.m in Sources */ = {isa = PBXBuildFile; fileRef = D0D7A1AA1492EE1B0057F90D /* EXTSafeCategory.m */; };
		D0D7A1B41492EE1B0057F90D /* EXTSafeCategory.m in Sources */ = {isa = PBXBuildFile; fileRef = D0D7A1AA1492EE1B0057F90D /* EXTSafeCategory.m */; };
		D0D7A1B51492EE1B0057F90D /* EXTScope.h in Headers */ = {isa = PBXBuildFile; fileRef = D0D7A1AB1492EE1B0057F90D /* EXTScope.h */; settings = {ATTRIBUTES = (Public, ); }; };
		D0D7A1B61492EE1B0057F90D /* EXTScope.h in Headers */ = {isa = PBXBuildFile; fileRef = D0D7A1AB1492EE1B0057F90D /* EXTScope.h */; settings = {ATTRIBUTES = (Public, ); }; };
		D0D7A1B71492EE1B0057F90D /* EXTScope.m in Sources */ = {isa = PBXBuildFile; fileRef = D0D7A1AC1492EE1B0057F90D /* EXTScope.m */; };
		D0D7A1B81492EE1B0057F90D /* EXTScope.m in Sources */ = {isa = PBXBuildFile; fileRef = D0D7A1AC1492EE1B0057F90D /* EXTScope.m */; };
		D0D7A1BA1492EE210057F90D /* metamacros.h in Headers */ = {isa = PBXBuildFile; fileRef = D0D7A1B91492EE210057F90D /* metamacros.h */; settings = {ATTRIBUTES = (Public, ); }; };
		D0D7A1BB1492EE210057F90D /* metamacros.h in Headers */ = {isa = PBXBuildFile; fileRef = D0D7A1B91492EE210057F90D /* metamacros.h */; settings = {ATTRIBUTES = (Public, ); }; };
		D0D7A1C31492EE520057F90D /* EXTRuntimeExtensionsTest.m in Sources */ = {isa = PBXBuildFile; fileRef = D0D7A1BE1492EE520057F90D /* EXTRuntimeExtensionsTest.m */; };
		D0D7A1C41492EE520057F90D /* EXTRuntimeExtensionsTest.m in Sources */ = {isa = PBXBuildFile; fileRef = D0D7A1BE1492EE520057F90D /* EXTRuntimeExtensionsTest.m */; };
		D0D7A1C51492EE520057F90D /* EXTSafeCategoryTest.m in Sources */ = {isa = PBXBuildFile; fileRef = D0D7A1C01492EE520057F90D /* EXTSafeCategoryTest.m */; };
		D0D7A1C61492EE520057F90D /* EXTSafeCategoryTest.m in Sources */ = {isa = PBXBuildFile; fileRef = D0D7A1C01492EE520057F90D /* EXTSafeCategoryTest.m */; };
		D0D7A1C71492EE520057F90D /* EXTScopeTest.m in Sources */ = {isa = PBXBuildFile; fileRef = D0D7A1C21492EE520057F90D /* EXTScopeTest.m */; };
		D0D7A1C81492EE520057F90D /* EXTScopeTest.m in Sources */ = {isa = PBXBuildFile; fileRef = D0D7A1C21492EE520057F90D /* EXTScopeTest.m */; };
		D0DB5CD21492DDD5005955FB /* InfoPlist.strings in Resources */ = {isa = PBXBuildFile; fileRef = D0DB5CD01492DDD5005955FB /* InfoPlist.strings */; };
		D0DB5CDE1492DDD5005955FB /* SenTestingKit.framework in Frameworks */ = {isa = PBXBuildFile; fileRef = D0DB5CDD1492DDD5005955FB /* SenTestingKit.framework */; };
		D0DB5CE21492DDD5005955FB /* Proton.framework in Frameworks */ = {isa = PBXBuildFile; fileRef = D0DB5CC41492DDD5005955FB /* Proton.framework */; };
		D0DB5CE81492DDD5005955FB /* InfoPlist.strings in Resources */ = {isa = PBXBuildFile; fileRef = D0DB5CE61492DDD5005955FB /* InfoPlist.strings */; };
		D0E0F2EF1497E4660072FE2C /* PROUniqueTransformationTests.m in Sources */ = {isa = PBXBuildFile; fileRef = D0E0F2EE1497E4660072FE2C /* PROUniqueTransformationTests.m */; };
		D0E0F2F01497E4660072FE2C /* PROUniqueTransformationTests.m in Sources */ = {isa = PBXBuildFile; fileRef = D0E0F2EE1497E4660072FE2C /* PROUniqueTransformationTests.m */; };
		D0E0F2F41497E4A80072FE2C /* EXTNil.h in Headers */ = {isa = PBXBuildFile; fileRef = D0E0F2F21497E4A80072FE2C /* EXTNil.h */; settings = {ATTRIBUTES = (Public, ); }; };
		D0E0F2F51497E4A80072FE2C /* EXTNil.h in Headers */ = {isa = PBXBuildFile; fileRef = D0E0F2F21497E4A80072FE2C /* EXTNil.h */; settings = {ATTRIBUTES = (Public, ); }; };
		D0E0F2F61497E4A80072FE2C /* EXTNil.m in Sources */ = {isa = PBXBuildFile; fileRef = D0E0F2F31497E4A80072FE2C /* EXTNil.m */; };
		D0E0F2F71497E4A80072FE2C /* EXTNil.m in Sources */ = {isa = PBXBuildFile; fileRef = D0E0F2F31497E4A80072FE2C /* EXTNil.m */; };
		D0E0F2FA1497E4CD0072FE2C /* EXTNilTest.m in Sources */ = {isa = PBXBuildFile; fileRef = D0E0F2F91497E4CD0072FE2C /* EXTNilTest.m */; };
		D0E0F2FB1497E4CD0072FE2C /* EXTNilTest.m in Sources */ = {isa = PBXBuildFile; fileRef = D0E0F2F91497E4CD0072FE2C /* EXTNilTest.m */; };
/* End PBXBuildFile section */

/* Begin PBXContainerItemProxy section */
		D0B07AE11492E72800A1E816 /* PBXContainerItemProxy */ = {
			isa = PBXContainerItemProxy;
			containerPortal = D0DB5CBA1492DDD5005955FB /* Project object */;
			proxyType = 1;
			remoteGlobalIDString = D0B07ACD1492E72800A1E816;
			remoteInfo = "Proton iOS";
		};
		D0DB5CE01492DDD5005955FB /* PBXContainerItemProxy */ = {
			isa = PBXContainerItemProxy;
			containerPortal = D0DB5CBA1492DDD5005955FB /* Project object */;
			proxyType = 1;
			remoteGlobalIDString = D0DB5CC31492DDD5005955FB;
			remoteInfo = Proton;
		};
/* End PBXContainerItemProxy section */

/* Begin PBXFileReference section */
		1A225920149C9887004B7BF2 /* PROUniqueIdentifier.h */ = {isa = PBXFileReference; fileEncoding = 4; lastKnownFileType = sourcecode.c.h; path = PROUniqueIdentifier.h; sourceTree = "<group>"; };
		1A225921149C9887004B7BF2 /* PROUniqueIdentifier.m */ = {isa = PBXFileReference; fileEncoding = 4; lastKnownFileType = sourcecode.c.objc; path = PROUniqueIdentifier.m; sourceTree = "<group>"; };
		1A225927149C9D28004B7BF2 /* PROUniqueIdentifierTests.h */ = {isa = PBXFileReference; fileEncoding = 4; lastKnownFileType = sourcecode.c.h; path = PROUniqueIdentifierTests.h; sourceTree = "<group>"; };
		1A225928149C9D28004B7BF2 /* PROUniqueIdentifierTests.m */ = {isa = PBXFileReference; fileEncoding = 4; lastKnownFileType = sourcecode.c.objc; path = PROUniqueIdentifierTests.m; sourceTree = "<group>"; };
		1EA5FB0114A2C16100E3B764 /* PROIndexedTransformation.h */ = {isa = PBXFileReference; fileEncoding = 4; lastKnownFileType = sourcecode.c.h; path = PROIndexedTransformation.h; sourceTree = "<group>"; };
		1EA5FB0214A2C16100E3B764 /* PROIndexedTransformation.m */ = {isa = PBXFileReference; fileEncoding = 4; lastKnownFileType = sourcecode.c.objc; path = PROIndexedTransformation.m; sourceTree = "<group>"; };
		1EA5FB1914A2C9FE00E3B764 /* PROIndexedTransformationTests.h */ = {isa = PBXFileReference; fileEncoding = 4; lastKnownFileType = sourcecode.c.h; path = PROIndexedTransformationTests.h; sourceTree = "<group>"; };
		1EA5FB1A14A2C9FE00E3B764 /* PROIndexedTransformationTests.m */ = {isa = PBXFileReference; fileEncoding = 4; lastKnownFileType = sourcecode.c.objc; path = PROIndexedTransformationTests.m; sourceTree = "<group>"; };
		D00A490C1499451400EEBD92 /* PROKeyedObject.h */ = {isa = PBXFileReference; fileEncoding = 4; lastKnownFileType = sourcecode.c.h; path = PROKeyedObject.h; sourceTree = "<group>"; };
		D010F0B31498361800D0D1E5 /* PROKeyedTransformationTests.h */ = {isa = PBXFileReference; fileEncoding = 4; lastKnownFileType = sourcecode.c.h; path = PROKeyedTransformationTests.h; sourceTree = "<group>"; };
		D010F0B41498361800D0D1E5 /* PROKeyedTransformationTests.m */ = {isa = PBXFileReference; fileEncoding = 4; lastKnownFileType = sourcecode.c.objc; path = PROKeyedTransformationTests.m; sourceTree = "<group>"; };
		D030A61B149817F200D2B2A1 /* PROMultipleTransformationTests.h */ = {isa = PBXFileReference; fileEncoding = 4; lastKnownFileType = sourcecode.c.h; path = PROMultipleTransformationTests.h; sourceTree = "<group>"; };
		D030A61C149817F200D2B2A1 /* PROMultipleTransformationTests.m */ = {isa = PBXFileReference; fileEncoding = 4; lastKnownFileType = sourcecode.c.objc; path = PROMultipleTransformationTests.m; sourceTree = "<group>"; };
		D030A63314981D8900D2B2A1 /* NSDictionary+PROKeyedObjectAdditions.h */ = {isa = PBXFileReference; fileEncoding = 4; lastKnownFileType = sourcecode.c.h; path = "NSDictionary+PROKeyedObjectAdditions.h"; sourceTree = "<group>"; };
		D030A63414981D8900D2B2A1 /* NSDictionary+PROKeyedObjectAdditions.m */ = {isa = PBXFileReference; fileEncoding = 4; lastKnownFileType = sourcecode.c.objc; path = "NSDictionary+PROKeyedObjectAdditions.m"; sourceTree = "<group>"; };
		D030A63A14981E1F00D2B2A1 /* PRONSDictionaryAdditionsTests.h */ = {isa = PBXFileReference; fileEncoding = 4; lastKnownFileType = sourcecode.c.h; path = PRONSDictionaryAdditionsTests.h; sourceTree = "<group>"; };
		D030A63B14981E1F00D2B2A1 /* PRONSDictionaryAdditionsTests.m */ = {isa = PBXFileReference; fileEncoding = 4; lastKnownFileType = sourcecode.c.objc; path = PRONSDictionaryAdditionsTests.m; sourceTree = "<group>"; };
		D031BA8D14A53B5000A38526 /* PROKeyValueObserver.h */ = {isa = PBXFileReference; fileEncoding = 4; lastKnownFileType = sourcecode.c.h; path = PROKeyValueObserver.h; sourceTree = "<group>"; };
		D031BA8E14A53B5000A38526 /* PROKeyValueObserver.m */ = {isa = PBXFileReference; fileEncoding = 4; lastKnownFileType = sourcecode.c.objc; path = PROKeyValueObserver.m; sourceTree = "<group>"; };
		D031BA9314A53F4600A38526 /* PROKeyValueObserverTests.h */ = {isa = PBXFileReference; fileEncoding = 4; lastKnownFileType = sourcecode.c.h; path = PROKeyValueObserverTests.h; sourceTree = "<group>"; };
		D031BA9414A53F4600A38526 /* PROKeyValueObserverTests.m */ = {isa = PBXFileReference; fileEncoding = 4; lastKnownFileType = sourcecode.c.objc; path = PROKeyValueObserverTests.m; sourceTree = "<group>"; };
		D031BA9D14A543E900A38526 /* NSObject+PROKeyValueObserverAdditions.h */ = {isa = PBXFileReference; fileEncoding = 4; lastKnownFileType = sourcecode.c.h; path = "NSObject+PROKeyValueObserverAdditions.h"; sourceTree = "<group>"; };
		D031BA9E14A543E900A38526 /* NSObject+PROKeyValueObserverAdditions.m */ = {isa = PBXFileReference; fileEncoding = 4; lastKnownFileType = sourcecode.c.objc; path = "NSObject+PROKeyValueObserverAdditions.m"; sourceTree = "<group>"; };
		D04460E914A6828D000053C9 /* PROOrderTransformation.h */ = {isa = PBXFileReference; fileEncoding = 4; lastKnownFileType = sourcecode.c.h; path = PROOrderTransformation.h; sourceTree = "<group>"; };
		D04460EA14A6828D000053C9 /* PROOrderTransformation.m */ = {isa = PBXFileReference; fileEncoding = 4; lastKnownFileType = sourcecode.c.objc; path = PROOrderTransformation.m; sourceTree = "<group>"; };
		D04460F414A6850A000053C9 /* PROOrderTransformationTests.h */ = {isa = PBXFileReference; fileEncoding = 4; lastKnownFileType = sourcecode.c.h; path = PROOrderTransformationTests.h; sourceTree = "<group>"; };
		D04460F514A6850A000053C9 /* PROOrderTransformationTests.m */ = {isa = PBXFileReference; fileEncoding = 4; lastKnownFileType = sourcecode.c.objc; path = PROOrderTransformationTests.m; sourceTree = "<group>"; };
		D04703261494A6F8004CB93A /* Foundation+LocalizationAdditions.h */ = {isa = PBXFileReference; fileEncoding = 4; lastKnownFileType = sourcecode.c.h; path = "Foundation+LocalizationAdditions.h"; sourceTree = "<group>"; };
		D04703271494A6F8004CB93A /* Foundation+LocalizationAdditions.m */ = {isa = PBXFileReference; fileEncoding = 4; lastKnownFileType = sourcecode.c.objc; path = "Foundation+LocalizationAdditions.m"; sourceTree = "<group>"; };
		D04703281494A6F8004CB93A /* NSObject+ComparisonAdditions.h */ = {isa = PBXFileReference; fileEncoding = 4; lastKnownFileType = sourcecode.c.h; path = "NSObject+ComparisonAdditions.h"; sourceTree = "<group>"; };
		D04703291494A6F8004CB93A /* NSObject+ComparisonAdditions.m */ = {isa = PBXFileReference; fileEncoding = 4; lastKnownFileType = sourcecode.c.objc; path = "NSObject+ComparisonAdditions.m"; sourceTree = "<group>"; };
		D047032A1494A6F8004CB93A /* NSObject+ErrorAdditions.h */ = {isa = PBXFileReference; fileEncoding = 4; lastKnownFileType = sourcecode.c.h; path = "NSObject+ErrorAdditions.h"; sourceTree = "<group>"; };
		D047032B1494A6F8004CB93A /* NSObject+ErrorAdditions.m */ = {isa = PBXFileReference; fileEncoding = 4; lastKnownFileType = sourcecode.c.objc; path = "NSObject+ErrorAdditions.m"; sourceTree = "<group>"; };
		D04703391494A728004CB93A /* PRONSObjectAdditionsTests.h */ = {isa = PBXFileReference; fileEncoding = 4; lastKnownFileType = sourcecode.c.h; path = PRONSObjectAdditionsTests.h; sourceTree = "<group>"; };
		D047033A1494A728004CB93A /* PRONSObjectAdditionsTests.m */ = {isa = PBXFileReference; fileEncoding = 4; lastKnownFileType = sourcecode.c.objc; path = PRONSObjectAdditionsTests.m; sourceTree = "<group>"; };
		D0477F5714970DE700B0DAB0 /* PROTransformation.h */ = {isa = PBXFileReference; fileEncoding = 4; lastKnownFileType = sourcecode.c.h; path = PROTransformation.h; sourceTree = "<group>"; };
		D0477F5814970DE700B0DAB0 /* PROTransformation.m */ = {isa = PBXFileReference; fileEncoding = 4; lastKnownFileType = sourcecode.c.objc; path = PROTransformation.m; sourceTree = "<group>"; };
		D0477F5D1497460000B0DAB0 /* PROUniqueTransformation.h */ = {isa = PBXFileReference; fileEncoding = 4; lastKnownFileType = sourcecode.c.h; path = PROUniqueTransformation.h; sourceTree = "<group>"; };
		D0477F5E1497460000B0DAB0 /* PROUniqueTransformation.m */ = {isa = PBXFileReference; fileEncoding = 4; lastKnownFileType = sourcecode.c.objc; path = PROUniqueTransformation.m; sourceTree = "<group>"; };
		D0477F631497464F00B0DAB0 /* PROMultipleTransformation.h */ = {isa = PBXFileReference; fileEncoding = 4; lastKnownFileType = sourcecode.c.h; path = PROMultipleTransformation.h; sourceTree = "<group>"; };
		D0477F641497464F00B0DAB0 /* PROMultipleTransformation.m */ = {isa = PBXFileReference; fileEncoding = 4; lastKnownFileType = sourcecode.c.objc; path = PROMultipleTransformation.m; sourceTree = "<group>"; };
		D0477F69149746BD00B0DAB0 /* PROKeyedTransformation.h */ = {isa = PBXFileReference; fileEncoding = 4; lastKnownFileType = sourcecode.c.h; path = PROKeyedTransformation.h; sourceTree = "<group>"; };
		D0477F6A149746BD00B0DAB0 /* PROKeyedTransformation.m */ = {isa = PBXFileReference; fileEncoding = 4; lastKnownFileType = sourcecode.c.objc; path = PROKeyedTransformation.m; sourceTree = "<group>"; };
		D04D284714A5628B00197AB9 /* PROKeyValueCodingMacros.h */ = {isa = PBXFileReference; fileEncoding = 4; lastKnownFileType = sourcecode.c.h; path = PROKeyValueCodingMacros.h; sourceTree = "<group>"; };
		D04D284A14A5633C00197AB9 /* PROKeyValueCodingMacrosTests.h */ = {isa = PBXFileReference; fileEncoding = 4; lastKnownFileType = sourcecode.c.h; path = PROKeyValueCodingMacrosTests.h; sourceTree = "<group>"; };
		D04D284B14A5633C00197AB9 /* PROKeyValueCodingMacrosTests.m */ = {isa = PBXFileReference; fileEncoding = 4; lastKnownFileType = sourcecode.c.objc; path = PROKeyValueCodingMacrosTests.m; sourceTree = "<group>"; };
		D06AA4501494A1FF00F0F94B /* NSArray+HigherOrderAdditions.h */ = {isa = PBXFileReference; fileEncoding = 4; lastKnownFileType = sourcecode.c.h; path = "NSArray+HigherOrderAdditions.h"; sourceTree = "<group>"; };
		D06AA4511494A1FF00F0F94B /* NSArray+HigherOrderAdditions.m */ = {isa = PBXFileReference; fileEncoding = 4; lastKnownFileType = sourcecode.c.objc; path = "NSArray+HigherOrderAdditions.m"; sourceTree = "<group>"; };
		D06AA4581494A22300F0F94B /* PRONSArrayAdditionsTests.h */ = {isa = PBXFileReference; fileEncoding = 4; lastKnownFileType = sourcecode.c.h; path = PRONSArrayAdditionsTests.h; sourceTree = "<group>"; };
		D06AA4591494A22300F0F94B /* PRONSArrayAdditionsTests.m */ = {isa = PBXFileReference; fileEncoding = 4; lastKnownFileType = sourcecode.c.objc; path = PRONSArrayAdditionsTests.m; sourceTree = "<group>"; };
		D07D6E8C1499DF7300192DED /* NSSet+HigherOrderAdditions.h */ = {isa = PBXFileReference; fileEncoding = 4; lastKnownFileType = sourcecode.c.h; path = "NSSet+HigherOrderAdditions.h"; sourceTree = "<group>"; };
		D07D6E8D1499DF7300192DED /* NSSet+HigherOrderAdditions.m */ = {isa = PBXFileReference; fileEncoding = 4; lastKnownFileType = sourcecode.c.objc; path = "NSSet+HigherOrderAdditions.m"; sourceTree = "<group>"; };
		D07D6E931499DFE900192DED /* NSDictionary+HigherOrderAdditions.h */ = {isa = PBXFileReference; fileEncoding = 4; lastKnownFileType = sourcecode.c.h; path = "NSDictionary+HigherOrderAdditions.h"; sourceTree = "<group>"; };
		D07D6E941499DFE900192DED /* NSDictionary+HigherOrderAdditions.m */ = {isa = PBXFileReference; fileEncoding = 4; lastKnownFileType = sourcecode.c.objc; path = "NSDictionary+HigherOrderAdditions.m"; sourceTree = "<group>"; };
		D07D6E991499E02A00192DED /* NSOrderedSet+HigherOrderAdditions.h */ = {isa = PBXFileReference; fileEncoding = 4; lastKnownFileType = sourcecode.c.h; path = "NSOrderedSet+HigherOrderAdditions.h"; sourceTree = "<group>"; };
		D07D6E9A1499E02A00192DED /* NSOrderedSet+HigherOrderAdditions.m */ = {isa = PBXFileReference; fileEncoding = 4; lastKnownFileType = sourcecode.c.objc; path = "NSOrderedSet+HigherOrderAdditions.m"; sourceTree = "<group>"; };
		D07D6EB01499E22600192DED /* PRONSSetAdditionsTests.h */ = {isa = PBXFileReference; fileEncoding = 4; lastKnownFileType = sourcecode.c.h; path = PRONSSetAdditionsTests.h; sourceTree = "<group>"; };
		D07D6EB11499E22600192DED /* PRONSSetAdditionsTests.m */ = {isa = PBXFileReference; fileEncoding = 4; lastKnownFileType = sourcecode.c.objc; path = PRONSSetAdditionsTests.m; sourceTree = "<group>"; };
		D07D6EBE1499E47C00192DED /* PRONSOrderedSetAdditionsTests.h */ = {isa = PBXFileReference; fileEncoding = 4; lastKnownFileType = sourcecode.c.h; path = PRONSOrderedSetAdditionsTests.h; sourceTree = "<group>"; };
		D07D6EBF1499E47C00192DED /* PRONSOrderedSetAdditionsTests.m */ = {isa = PBXFileReference; fileEncoding = 4; lastKnownFileType = sourcecode.c.objc; path = PRONSOrderedSetAdditionsTests.m; sourceTree = "<group>"; };
		D080D58314A5DF3800FABAA2 /* PROFuture.h */ = {isa = PBXFileReference; fileEncoding = 4; lastKnownFileType = sourcecode.c.h; path = PROFuture.h; sourceTree = "<group>"; };
		D080D58414A5DF3800FABAA2 /* PROFuture.m */ = {isa = PBXFileReference; fileEncoding = 4; lastKnownFileType = sourcecode.c.objc; path = PROFuture.m; sourceTree = "<group>"; };
		D080D58914A5E4B200FABAA2 /* PROFutureTests.h */ = {isa = PBXFileReference; fileEncoding = 4; lastKnownFileType = sourcecode.c.h; path = PROFutureTests.h; sourceTree = "<group>"; };
		D080D58A14A5E4B200FABAA2 /* PROFutureTests.m */ = {isa = PBXFileReference; fileEncoding = 4; lastKnownFileType = sourcecode.c.objc; path = PROFutureTests.m; sourceTree = "<group>"; };
		D080E0F014AA971000F6EABB /* PROInsertionTransformation.h */ = {isa = PBXFileReference; fileEncoding = 4; lastKnownFileType = sourcecode.c.h; path = PROInsertionTransformation.h; sourceTree = "<group>"; };
		D080E0F114AA971000F6EABB /* PROInsertionTransformation.m */ = {isa = PBXFileReference; fileEncoding = 4; lastKnownFileType = sourcecode.c.objc; path = PROInsertionTransformation.m; sourceTree = "<group>"; };
		D080E0F714AA976500F6EABB /* PRORemovalTransformation.h */ = {isa = PBXFileReference; fileEncoding = 4; lastKnownFileType = sourcecode.c.h; path = PRORemovalTransformation.h; sourceTree = "<group>"; };
		D080E0F814AA976500F6EABB /* PRORemovalTransformation.m */ = {isa = PBXFileReference; fileEncoding = 4; lastKnownFileType = sourcecode.c.objc; path = PRORemovalTransformation.m; sourceTree = "<group>"; };
		D080E0FD14AA97AD00F6EABB /* PROInsertionTransformationTests.h */ = {isa = PBXFileReference; fileEncoding = 4; lastKnownFileType = sourcecode.c.h; path = PROInsertionTransformationTests.h; sourceTree = "<group>"; };
		D080E0FE14AA97AD00F6EABB /* PROInsertionTransformationTests.m */ = {isa = PBXFileReference; fileEncoding = 4; lastKnownFileType = sourcecode.c.objc; path = PROInsertionTransformationTests.m; sourceTree = "<group>"; };
		D080E10114AA97D700F6EABB /* PRORemovalTransformationTests.h */ = {isa = PBXFileReference; fileEncoding = 4; lastKnownFileType = sourcecode.c.h; path = PRORemovalTransformationTests.h; sourceTree = "<group>"; };
		D080E10214AA97D700F6EABB /* PRORemovalTransformationTests.m */ = {isa = PBXFileReference; fileEncoding = 4; lastKnownFileType = sourcecode.c.objc; path = PRORemovalTransformationTests.m; sourceTree = "<group>"; };
		D084678914A40DE800E2856F /* SDQueue.h */ = {isa = PBXFileReference; fileEncoding = 4; lastKnownFileType = sourcecode.c.h; name = SDQueue.h; path = ../SafeDispatch/Framework/SafeDispatch/SafeDispatch/SDQueue.h; sourceTree = "<group>"; };
		D084678A14A40DE800E2856F /* SDQueue.m */ = {isa = PBXFileReference; fileEncoding = 4; lastKnownFileType = sourcecode.c.objc; name = SDQueue.m; path = ../SafeDispatch/Framework/SafeDispatch/SafeDispatch/SDQueue.m; sourceTree = "<group>"; };
		D084678F14A40DEF00E2856F /* SDQueueTests.h */ = {isa = PBXFileReference; fileEncoding = 4; lastKnownFileType = sourcecode.c.h; name = SDQueueTests.h; path = ../../SafeDispatch/Framework/SafeDispatch/SafeDispatchTests/SDQueueTests.h; sourceTree = "<group>"; };
		D084679014A40DEF00E2856F /* SDQueueTests.m */ = {isa = PBXFileReference; fileEncoding = 4; lastKnownFileType = sourcecode.c.objc; name = SDQueueTests.m; path = ../../SafeDispatch/Framework/SafeDispatch/SafeDispatchTests/SDQueueTests.m; sourceTree = "<group>"; };
		D0B07ACE1492E72800A1E816 /* libProton.a */ = {isa = PBXFileReference; explicitFileType = archive.ar; includeInIndex = 0; path = libProton.a; sourceTree = BUILT_PRODUCTS_DIR; };
		D0B07ACF1492E72800A1E816 /* Foundation.framework */ = {isa = PBXFileReference; lastKnownFileType = wrapper.framework; name = Foundation.framework; path = System/Library/Frameworks/Foundation.framework; sourceTree = SDKROOT; };
		D0B07ADC1492E72800A1E816 /* Proton iOS Tests.octest */ = {isa = PBXFileReference; explicitFileType = wrapper.cfbundle; includeInIndex = 0; path = "Proton iOS Tests.octest"; sourceTree = BUILT_PRODUCTS_DIR; };
		D0B07AF71492E76200A1E816 /* Foundation.framework */ = {isa = PBXFileReference; lastKnownFileType = wrapper.framework; name = Foundation.framework; path = SDKs/MacOSX10.7.sdk/System/Library/Frameworks/Foundation.framework; sourceTree = DEVELOPER_DIR; };
		D0C42D6114984CE100A08989 /* PROModel.h */ = {isa = PBXFileReference; fileEncoding = 4; lastKnownFileType = sourcecode.c.h; path = PROModel.h; sourceTree = "<group>"; };
		D0C42D6214984CE100A08989 /* PROModel.m */ = {isa = PBXFileReference; fileEncoding = 4; lastKnownFileType = sourcecode.c.objc; path = PROModel.m; sourceTree = "<group>"; };
		D0C42D77149857CB00A08989 /* PROModelTests.h */ = {isa = PBXFileReference; fileEncoding = 4; lastKnownFileType = sourcecode.c.h; path = PROModelTests.h; sourceTree = "<group>"; };
		D0C42D78149857CB00A08989 /* PROModelTests.m */ = {isa = PBXFileReference; fileEncoding = 4; lastKnownFileType = sourcecode.c.objc; path = PROModelTests.m; sourceTree = "<group>"; };
		D0D7A1A71492EE1B0057F90D /* EXTRuntimeExtensions.h */ = {isa = PBXFileReference; fileEncoding = 4; lastKnownFileType = sourcecode.c.h; name = EXTRuntimeExtensions.h; path = ../libextobjc/extobjc/Modules/EXTRuntimeExtensions.h; sourceTree = "<group>"; };
		D0D7A1A81492EE1B0057F90D /* EXTRuntimeExtensions.m */ = {isa = PBXFileReference; fileEncoding = 4; lastKnownFileType = sourcecode.c.objc; name = EXTRuntimeExtensions.m; path = ../libextobjc/extobjc/Modules/EXTRuntimeExtensions.m; sourceTree = "<group>"; };
		D0D7A1A91492EE1B0057F90D /* EXTSafeCategory.h */ = {isa = PBXFileReference; fileEncoding = 4; lastKnownFileType = sourcecode.c.h; name = EXTSafeCategory.h; path = ../libextobjc/extobjc/Modules/EXTSafeCategory.h; sourceTree = "<group>"; };
		D0D7A1AA1492EE1B0057F90D /* EXTSafeCategory.m */ = {isa = PBXFileReference; fileEncoding = 4; lastKnownFileType = sourcecode.c.objc; name = EXTSafeCategory.m; path = ../libextobjc/extobjc/Modules/EXTSafeCategory.m; sourceTree = "<group>"; };
		D0D7A1AB1492EE1B0057F90D /* EXTScope.h */ = {isa = PBXFileReference; fileEncoding = 4; lastKnownFileType = sourcecode.c.h; name = EXTScope.h; path = ../libextobjc/extobjc/Modules/EXTScope.h; sourceTree = "<group>"; };
		D0D7A1AC1492EE1B0057F90D /* EXTScope.m */ = {isa = PBXFileReference; fileEncoding = 4; lastKnownFileType = sourcecode.c.objc; name = EXTScope.m; path = ../libextobjc/extobjc/Modules/EXTScope.m; sourceTree = "<group>"; };
		D0D7A1B91492EE210057F90D /* metamacros.h */ = {isa = PBXFileReference; fileEncoding = 4; lastKnownFileType = sourcecode.c.h; name = metamacros.h; path = ../libextobjc/extobjc/metamacros.h; sourceTree = "<group>"; };
		D0D7A1BD1492EE520057F90D /* EXTRuntimeExtensionsTest.h */ = {isa = PBXFileReference; fileEncoding = 4; lastKnownFileType = sourcecode.c.h; name = EXTRuntimeExtensionsTest.h; path = ../../libextobjc/extobjc/Tests/EXTRuntimeExtensionsTest.h; sourceTree = "<group>"; };
		D0D7A1BE1492EE520057F90D /* EXTRuntimeExtensionsTest.m */ = {isa = PBXFileReference; fileEncoding = 4; lastKnownFileType = sourcecode.c.objc; name = EXTRuntimeExtensionsTest.m; path = ../../libextobjc/extobjc/Tests/EXTRuntimeExtensionsTest.m; sourceTree = "<group>"; };
		D0D7A1BF1492EE520057F90D /* EXTSafeCategoryTest.h */ = {isa = PBXFileReference; fileEncoding = 4; lastKnownFileType = sourcecode.c.h; name = EXTSafeCategoryTest.h; path = ../../libextobjc/extobjc/Tests/EXTSafeCategoryTest.h; sourceTree = "<group>"; };
		D0D7A1C01492EE520057F90D /* EXTSafeCategoryTest.m */ = {isa = PBXFileReference; fileEncoding = 4; lastKnownFileType = sourcecode.c.objc; name = EXTSafeCategoryTest.m; path = ../../libextobjc/extobjc/Tests/EXTSafeCategoryTest.m; sourceTree = "<group>"; };
		D0D7A1C11492EE520057F90D /* EXTScopeTest.h */ = {isa = PBXFileReference; fileEncoding = 4; lastKnownFileType = sourcecode.c.h; name = EXTScopeTest.h; path = ../../libextobjc/extobjc/Tests/EXTScopeTest.h; sourceTree = "<group>"; };
		D0D7A1C21492EE520057F90D /* EXTScopeTest.m */ = {isa = PBXFileReference; fileEncoding = 4; lastKnownFileType = sourcecode.c.objc; name = EXTScopeTest.m; path = ../../libextobjc/extobjc/Tests/EXTScopeTest.m; sourceTree = "<group>"; };
		D0DB5CC41492DDD5005955FB /* Proton.framework */ = {isa = PBXFileReference; explicitFileType = wrapper.framework; includeInIndex = 0; path = Proton.framework; sourceTree = BUILT_PRODUCTS_DIR; };
		D0DB5CCF1492DDD5005955FB /* Proton-Info.plist */ = {isa = PBXFileReference; lastKnownFileType = text.plist.xml; path = "Proton-Info.plist"; sourceTree = "<group>"; };
		D0DB5CD11492DDD5005955FB /* en */ = {isa = PBXFileReference; lastKnownFileType = text.plist.strings; name = en; path = en.lproj/InfoPlist.strings; sourceTree = "<group>"; };
		D0DB5CD31492DDD5005955FB /* Proton-Prefix.pch */ = {isa = PBXFileReference; lastKnownFileType = sourcecode.c.h; path = "Proton-Prefix.pch"; sourceTree = "<group>"; };
		D0DB5CD41492DDD5005955FB /* Proton.h */ = {isa = PBXFileReference; lastKnownFileType = sourcecode.c.h; path = Proton.h; sourceTree = "<group>"; };
		D0DB5CDC1492DDD5005955FB /* Proton Mac Tests.octest */ = {isa = PBXFileReference; explicitFileType = wrapper.cfbundle; includeInIndex = 0; path = "Proton Mac Tests.octest"; sourceTree = BUILT_PRODUCTS_DIR; };
		D0DB5CDD1492DDD5005955FB /* SenTestingKit.framework */ = {isa = PBXFileReference; lastKnownFileType = wrapper.framework; name = SenTestingKit.framework; path = Library/Frameworks/SenTestingKit.framework; sourceTree = DEVELOPER_DIR; };
		D0DB5CE51492DDD5005955FB /* ProtonTests-Info.plist */ = {isa = PBXFileReference; lastKnownFileType = text.plist.xml; path = "ProtonTests-Info.plist"; sourceTree = "<group>"; };
		D0DB5CE71492DDD5005955FB /* en */ = {isa = PBXFileReference; lastKnownFileType = text.plist.strings; name = en; path = en.lproj/InfoPlist.strings; sourceTree = "<group>"; };
		D0DB5CF61492DDE9005955FB /* Common.xcconfig */ = {isa = PBXFileReference; lastKnownFileType = text.xcconfig; path = Common.xcconfig; sourceTree = "<group>"; };
		D0DB5CF81492DDE9005955FB /* Debug.xcconfig */ = {isa = PBXFileReference; lastKnownFileType = text.xcconfig; path = Debug.xcconfig; sourceTree = "<group>"; };
		D0DB5CF91492DDE9005955FB /* Profile.xcconfig */ = {isa = PBXFileReference; lastKnownFileType = text.xcconfig; path = Profile.xcconfig; sourceTree = "<group>"; };
		D0DB5CFA1492DDE9005955FB /* Release.xcconfig */ = {isa = PBXFileReference; lastKnownFileType = text.xcconfig; path = Release.xcconfig; sourceTree = "<group>"; };
		D0DB5CFC1492DDE9005955FB /* Application.xcconfig */ = {isa = PBXFileReference; lastKnownFileType = text.xcconfig; path = Application.xcconfig; sourceTree = "<group>"; };
		D0DB5CFD1492DDE9005955FB /* StaticLibrary.xcconfig */ = {isa = PBXFileReference; lastKnownFileType = text.xcconfig; path = StaticLibrary.xcconfig; sourceTree = "<group>"; };
		D0DB5CFF1492DDE9005955FB /* iOS-Application.xcconfig */ = {isa = PBXFileReference; lastKnownFileType = text.xcconfig; path = "iOS-Application.xcconfig"; sourceTree = "<group>"; };
		D0DB5D001492DDE9005955FB /* iOS-Base.xcconfig */ = {isa = PBXFileReference; lastKnownFileType = text.xcconfig; path = "iOS-Base.xcconfig"; sourceTree = "<group>"; };
		D0DB5D011492DDE9005955FB /* iOS-StaticLibrary.xcconfig */ = {isa = PBXFileReference; lastKnownFileType = text.xcconfig; path = "iOS-StaticLibrary.xcconfig"; sourceTree = "<group>"; };
		D0DB5D031492DDE9005955FB /* Mac-Application.xcconfig */ = {isa = PBXFileReference; lastKnownFileType = text.xcconfig; path = "Mac-Application.xcconfig"; sourceTree = "<group>"; };
		D0DB5D041492DDE9005955FB /* Mac-Base.xcconfig */ = {isa = PBXFileReference; lastKnownFileType = text.xcconfig; path = "Mac-Base.xcconfig"; sourceTree = "<group>"; };
		D0DB5D051492DDE9005955FB /* Mac-DynamicLibrary.xcconfig */ = {isa = PBXFileReference; lastKnownFileType = text.xcconfig; path = "Mac-DynamicLibrary.xcconfig"; sourceTree = "<group>"; };
		D0DB5D061492DDE9005955FB /* Mac-Framework.xcconfig */ = {isa = PBXFileReference; lastKnownFileType = text.xcconfig; path = "Mac-Framework.xcconfig"; sourceTree = "<group>"; };
		D0DB5D071492DDE9005955FB /* Mac-StaticLibrary.xcconfig */ = {isa = PBXFileReference; lastKnownFileType = text.xcconfig; path = "Mac-StaticLibrary.xcconfig"; sourceTree = "<group>"; };
		D0DB5D081492DDE9005955FB /* README.md */ = {isa = PBXFileReference; lastKnownFileType = text; path = README.md; sourceTree = "<group>"; };
		D0E0F2ED1497E4660072FE2C /* PROUniqueTransformationTests.h */ = {isa = PBXFileReference; fileEncoding = 4; lastKnownFileType = sourcecode.c.h; path = PROUniqueTransformationTests.h; sourceTree = "<group>"; };
		D0E0F2EE1497E4660072FE2C /* PROUniqueTransformationTests.m */ = {isa = PBXFileReference; fileEncoding = 4; lastKnownFileType = sourcecode.c.objc; path = PROUniqueTransformationTests.m; sourceTree = "<group>"; };
		D0E0F2F21497E4A80072FE2C /* EXTNil.h */ = {isa = PBXFileReference; fileEncoding = 4; lastKnownFileType = sourcecode.c.h; name = EXTNil.h; path = ../libextobjc/extobjc/Classes/EXTNil.h; sourceTree = "<group>"; };
		D0E0F2F31497E4A80072FE2C /* EXTNil.m */ = {isa = PBXFileReference; fileEncoding = 4; lastKnownFileType = sourcecode.c.objc; name = EXTNil.m; path = ../libextobjc/extobjc/Classes/EXTNil.m; sourceTree = "<group>"; };
		D0E0F2F81497E4CD0072FE2C /* EXTNilTest.h */ = {isa = PBXFileReference; fileEncoding = 4; lastKnownFileType = sourcecode.c.h; name = EXTNilTest.h; path = ../../libextobjc/extobjc/Tests/EXTNilTest.h; sourceTree = "<group>"; };
		D0E0F2F91497E4CD0072FE2C /* EXTNilTest.m */ = {isa = PBXFileReference; fileEncoding = 4; lastKnownFileType = sourcecode.c.objc; name = EXTNilTest.m; path = ../../libextobjc/extobjc/Tests/EXTNilTest.m; sourceTree = "<group>"; };
/* End PBXFileReference section */

/* Begin PBXFrameworksBuildPhase section */
		D0B07ACB1492E72800A1E816 /* Frameworks */ = {
			isa = PBXFrameworksBuildPhase;
			buildActionMask = 2147483647;
			files = (
				D0B07AD01492E72800A1E816 /* Foundation.framework in Frameworks */,
			);
			runOnlyForDeploymentPostprocessing = 0;
		};
		D0B07AD81492E72800A1E816 /* Frameworks */ = {
			isa = PBXFrameworksBuildPhase;
			buildActionMask = 2147483647;
			files = (
				D0B07ADD1492E72800A1E816 /* SenTestingKit.framework in Frameworks */,
				D0B07AE01492E72800A1E816 /* Foundation.framework in Frameworks */,
				D0B07AE31492E72800A1E816 /* libProton.a in Frameworks */,
			);
			runOnlyForDeploymentPostprocessing = 0;
		};
		D0DB5CC01492DDD5005955FB /* Frameworks */ = {
			isa = PBXFrameworksBuildPhase;
			buildActionMask = 2147483647;
			files = (
				D0B07AF81492E76200A1E816 /* Foundation.framework in Frameworks */,
			);
			runOnlyForDeploymentPostprocessing = 0;
		};
		D0DB5CD81492DDD5005955FB /* Frameworks */ = {
			isa = PBXFrameworksBuildPhase;
			buildActionMask = 2147483647;
			files = (
				D0DB5CDE1492DDD5005955FB /* SenTestingKit.framework in Frameworks */,
				D0DB5CE21492DDD5005955FB /* Proton.framework in Frameworks */,
				D09186741492EC3E001DEBC8 /* Foundation.framework in Frameworks */,
			);
			runOnlyForDeploymentPostprocessing = 0;
		};
/* End PBXFrameworksBuildPhase section */

/* Begin PBXGroup section */
		1EA5FAFF14A2C0DA00E3B764 /* Unique Identifier */ = {
			isa = PBXGroup;
			children = (
				1A225920149C9887004B7BF2 /* PROUniqueIdentifier.h */,
				1A225921149C9887004B7BF2 /* PROUniqueIdentifier.m */,
			);
			name = "Unique Identifier";
			sourceTree = "<group>";
		};
		D00A490A1499450400EEBD92 /* Protocols */ = {
			isa = PBXGroup;
			children = (
				D00A490C1499451400EEBD92 /* PROKeyedObject.h */,
			);
			name = Protocols;
			sourceTree = "<group>";
		};
		D031BA8C14A53B4000A38526 /* Key-Value Observing */ = {
			isa = PBXGroup;
			children = (
				D031BA8D14A53B5000A38526 /* PROKeyValueObserver.h */,
				D031BA8E14A53B5000A38526 /* PROKeyValueObserver.m */,
			);
			name = "Key-Value Observing";
			sourceTree = "<group>";
		};
		D0477F5514970DDC00B0DAB0 /* Transformation */ = {
			isa = PBXGroup;
			children = (
				1EA5FB0114A2C16100E3B764 /* PROIndexedTransformation.h */,
				1EA5FB0214A2C16100E3B764 /* PROIndexedTransformation.m */,
				D080E0F014AA971000F6EABB /* PROInsertionTransformation.h */,
				D080E0F114AA971000F6EABB /* PROInsertionTransformation.m */,
				D0477F69149746BD00B0DAB0 /* PROKeyedTransformation.h */,
				D0477F6A149746BD00B0DAB0 /* PROKeyedTransformation.m */,
				D0477F631497464F00B0DAB0 /* PROMultipleTransformation.h */,
				D0477F641497464F00B0DAB0 /* PROMultipleTransformation.m */,
				D04460E914A6828D000053C9 /* PROOrderTransformation.h */,
				D04460EA14A6828D000053C9 /* PROOrderTransformation.m */,
				D080E0F714AA976500F6EABB /* PRORemovalTransformation.h */,
				D080E0F814AA976500F6EABB /* PRORemovalTransformation.m */,
				D0477F5714970DE700B0DAB0 /* PROTransformation.h */,
				D0477F5814970DE700B0DAB0 /* PROTransformation.m */,
				D0477F5D1497460000B0DAB0 /* PROUniqueTransformation.h */,
				D0477F5E1497460000B0DAB0 /* PROUniqueTransformation.m */,
			);
			name = Transformation;
			sourceTree = "<group>";
		};
		D04D284514A5626F00197AB9 /* Macros */ = {
			isa = PBXGroup;
			children = (
				D04D284714A5628B00197AB9 /* PROKeyValueCodingMacros.h */,
			);
			name = Macros;
			sourceTree = "<group>";
		};
		D06AA4321494A19600F0F94B /* Extensions */ = {
			isa = PBXGroup;
			children = (
				D04703261494A6F8004CB93A /* Foundation+LocalizationAdditions.h */,
				D04703271494A6F8004CB93A /* Foundation+LocalizationAdditions.m */,
				D06AA4501494A1FF00F0F94B /* NSArray+HigherOrderAdditions.h */,
				D06AA4511494A1FF00F0F94B /* NSArray+HigherOrderAdditions.m */,
				D07D6E931499DFE900192DED /* NSDictionary+HigherOrderAdditions.h */,
				D07D6E941499DFE900192DED /* NSDictionary+HigherOrderAdditions.m */,
				D030A63314981D8900D2B2A1 /* NSDictionary+PROKeyedObjectAdditions.h */,
				D030A63414981D8900D2B2A1 /* NSDictionary+PROKeyedObjectAdditions.m */,
				D04703281494A6F8004CB93A /* NSObject+ComparisonAdditions.h */,
				D04703291494A6F8004CB93A /* NSObject+ComparisonAdditions.m */,
				D047032A1494A6F8004CB93A /* NSObject+ErrorAdditions.h */,
				D047032B1494A6F8004CB93A /* NSObject+ErrorAdditions.m */,
				D031BA9D14A543E900A38526 /* NSObject+PROKeyValueObserverAdditions.h */,
				D031BA9E14A543E900A38526 /* NSObject+PROKeyValueObserverAdditions.m */,
				D07D6E991499E02A00192DED /* NSOrderedSet+HigherOrderAdditions.h */,
				D07D6E9A1499E02A00192DED /* NSOrderedSet+HigherOrderAdditions.m */,
				D07D6E8C1499DF7300192DED /* NSSet+HigherOrderAdditions.h */,
				D07D6E8D1499DF7300192DED /* NSSet+HigherOrderAdditions.m */,
			);
			name = Extensions;
			sourceTree = "<group>";
		};
		D06AA43F1494A1B400F0F94B /* Classes */ = {
			isa = PBXGroup;
			children = (
				D080D58114A5DF2C00FABAA2 /* Futures */,
				D031BA8C14A53B4000A38526 /* Key-Value Observing */,
				D0C42D5F14984CD100A08989 /* Model */,
				D0477F5514970DDC00B0DAB0 /* Transformation */,
				1EA5FAFF14A2C0DA00E3B764 /* Unique Identifier */,
			);
			name = Classes;
			sourceTree = "<group>";
		};
		D06AA45C1494A22600F0F94B /* Classes */ = {
			isa = PBXGroup;
			children = (
				D080D58914A5E4B200FABAA2 /* PROFutureTests.h */,
				D080D58A14A5E4B200FABAA2 /* PROFutureTests.m */,
				1EA5FB1914A2C9FE00E3B764 /* PROIndexedTransformationTests.h */,
				1EA5FB1A14A2C9FE00E3B764 /* PROIndexedTransformationTests.m */,
				D080E0FD14AA97AD00F6EABB /* PROInsertionTransformationTests.h */,
				D080E0FE14AA97AD00F6EABB /* PROInsertionTransformationTests.m */,
				D010F0B31498361800D0D1E5 /* PROKeyedTransformationTests.h */,
				D010F0B41498361800D0D1E5 /* PROKeyedTransformationTests.m */,
				D04D284A14A5633C00197AB9 /* PROKeyValueCodingMacrosTests.h */,
				D04D284B14A5633C00197AB9 /* PROKeyValueCodingMacrosTests.m */,
				D031BA9314A53F4600A38526 /* PROKeyValueObserverTests.h */,
				D031BA9414A53F4600A38526 /* PROKeyValueObserverTests.m */,
				D0C42D77149857CB00A08989 /* PROModelTests.h */,
				D0C42D78149857CB00A08989 /* PROModelTests.m */,
				D030A61B149817F200D2B2A1 /* PROMultipleTransformationTests.h */,
				D030A61C149817F200D2B2A1 /* PROMultipleTransformationTests.m */,
				D06AA4581494A22300F0F94B /* PRONSArrayAdditionsTests.h */,
				D06AA4591494A22300F0F94B /* PRONSArrayAdditionsTests.m */,
				D030A63A14981E1F00D2B2A1 /* PRONSDictionaryAdditionsTests.h */,
				D030A63B14981E1F00D2B2A1 /* PRONSDictionaryAdditionsTests.m */,
				D04703391494A728004CB93A /* PRONSObjectAdditionsTests.h */,
				D047033A1494A728004CB93A /* PRONSObjectAdditionsTests.m */,
				D07D6EBE1499E47C00192DED /* PRONSOrderedSetAdditionsTests.h */,
				D07D6EBF1499E47C00192DED /* PRONSOrderedSetAdditionsTests.m */,
				D07D6EB01499E22600192DED /* PRONSSetAdditionsTests.h */,
				D07D6EB11499E22600192DED /* PRONSSetAdditionsTests.m */,
				D04460F414A6850A000053C9 /* PROOrderTransformationTests.h */,
				D04460F514A6850A000053C9 /* PROOrderTransformationTests.m */,
				D080E10114AA97D700F6EABB /* PRORemovalTransformationTests.h */,
				D080E10214AA97D700F6EABB /* PRORemovalTransformationTests.m */,
				1A225927149C9D28004B7BF2 /* PROUniqueIdentifierTests.h */,
				1A225928149C9D28004B7BF2 /* PROUniqueIdentifierTests.m */,
				D0E0F2ED1497E4660072FE2C /* PROUniqueTransformationTests.h */,
				D0E0F2EE1497E4660072FE2C /* PROUniqueTransformationTests.m */,
			);
			name = Classes;
			sourceTree = "<group>";
		};
		D080D58114A5DF2C00FABAA2 /* Futures */ = {
			isa = PBXGroup;
			children = (
				D080D58314A5DF3800FABAA2 /* PROFuture.h */,
				D080D58414A5DF3800FABAA2 /* PROFuture.m */,
			);
			name = Futures;
			sourceTree = "<group>";
		};
		D084678614A40DC700E2856F /* SafeDispatch */ = {
			isa = PBXGroup;
			children = (
				D084678F14A40DEF00E2856F /* SDQueueTests.h */,
				D084679014A40DEF00E2856F /* SDQueueTests.m */,
			);
			name = SafeDispatch;
			sourceTree = "<group>";
		};
		D084678814A40DD100E2856F /* SafeDispatch */ = {
			isa = PBXGroup;
			children = (
				D084678914A40DE800E2856F /* SDQueue.h */,
				D084678A14A40DE800E2856F /* SDQueue.m */,
			);
			name = SafeDispatch;
			sourceTree = "<group>";
		};
		D0C42D5F14984CD100A08989 /* Model */ = {
			isa = PBXGroup;
			children = (
				D0C42D6114984CE100A08989 /* PROModel.h */,
				D0C42D6214984CE100A08989 /* PROModel.m */,
			);
			name = Model;
			sourceTree = "<group>";
		};
		D0D7A1A51492EE020057F90D /* libextobjc */ = {
			isa = PBXGroup;
			children = (
				D0E0F2F21497E4A80072FE2C /* EXTNil.h */,
				D0E0F2F31497E4A80072FE2C /* EXTNil.m */,
				D0D7A1A71492EE1B0057F90D /* EXTRuntimeExtensions.h */,
				D0D7A1A81492EE1B0057F90D /* EXTRuntimeExtensions.m */,
				D0D7A1A91492EE1B0057F90D /* EXTSafeCategory.h */,
				D0D7A1AA1492EE1B0057F90D /* EXTSafeCategory.m */,
				D0D7A1AB1492EE1B0057F90D /* EXTScope.h */,
				D0D7A1AC1492EE1B0057F90D /* EXTScope.m */,
				D0D7A1B91492EE210057F90D /* metamacros.h */,
			);
			name = libextobjc;
			sourceTree = "<group>";
		};
		D0D7A1BC1492EE3F0057F90D /* libextobjc */ = {
			isa = PBXGroup;
			children = (
				D0E0F2F81497E4CD0072FE2C /* EXTNilTest.h */,
				D0E0F2F91497E4CD0072FE2C /* EXTNilTest.m */,
				D0D7A1BD1492EE520057F90D /* EXTRuntimeExtensionsTest.h */,
				D0D7A1BE1492EE520057F90D /* EXTRuntimeExtensionsTest.m */,
				D0D7A1BF1492EE520057F90D /* EXTSafeCategoryTest.h */,
				D0D7A1C01492EE520057F90D /* EXTSafeCategoryTest.m */,
				D0D7A1C11492EE520057F90D /* EXTScopeTest.h */,
				D0D7A1C21492EE520057F90D /* EXTScopeTest.m */,
			);
			name = libextobjc;
			sourceTree = "<group>";
		};
		D0DB5CB81492DDD5005955FB = {
			isa = PBXGroup;
			children = (
				D0DB5CCD1492DDD5005955FB /* Proton */,
				D0DB5CE31492DDD5005955FB /* ProtonTests */,
				D0DB5CC61492DDD5005955FB /* Frameworks */,
				D0DB5CF41492DDE9005955FB /* Configuration */,
				D0DB5CC51492DDD5005955FB /* Products */,
			);
			sourceTree = "<group>";
		};
		D0DB5CC51492DDD5005955FB /* Products */ = {
			isa = PBXGroup;
			children = (
				D0DB5CC41492DDD5005955FB /* Proton.framework */,
				D0DB5CDC1492DDD5005955FB /* Proton Mac Tests.octest */,
				D0B07ACE1492E72800A1E816 /* libProton.a */,
				D0B07ADC1492E72800A1E816 /* Proton iOS Tests.octest */,
			);
			name = Products;
			sourceTree = "<group>";
		};
		D0DB5CC61492DDD5005955FB /* Frameworks */ = {
			isa = PBXGroup;
			children = (
				D0D7A1A51492EE020057F90D /* libextobjc */,
				D084678814A40DD100E2856F /* SafeDispatch */,
				D0DB5CDD1492DDD5005955FB /* SenTestingKit.framework */,
				D0B07AF71492E76200A1E816 /* Foundation.framework */,
				D0B07ACF1492E72800A1E816 /* Foundation.framework */,
			);
			name = Frameworks;
			sourceTree = "<group>";
		};
		D0DB5CCD1492DDD5005955FB /* Proton */ = {
			isa = PBXGroup;
			children = (
				D0DB5CD41492DDD5005955FB /* Proton.h */,
				D06AA43F1494A1B400F0F94B /* Classes */,
				D06AA4321494A19600F0F94B /* Extensions */,
				D04D284514A5626F00197AB9 /* Macros */,
				D00A490A1499450400EEBD92 /* Protocols */,
				D0DB5CCE1492DDD5005955FB /* Supporting Files */,
			);
			path = Proton;
			sourceTree = "<group>";
		};
		D0DB5CCE1492DDD5005955FB /* Supporting Files */ = {
			isa = PBXGroup;
			children = (
				D0DB5CCF1492DDD5005955FB /* Proton-Info.plist */,
				D0DB5CD01492DDD5005955FB /* InfoPlist.strings */,
				D0DB5CD31492DDD5005955FB /* Proton-Prefix.pch */,
			);
			name = "Supporting Files";
			sourceTree = "<group>";
		};
		D0DB5CE31492DDD5005955FB /* ProtonTests */ = {
			isa = PBXGroup;
			children = (
				D06AA45C1494A22600F0F94B /* Classes */,
				D0D7A1BC1492EE3F0057F90D /* libextobjc */,
				D084678614A40DC700E2856F /* SafeDispatch */,
				D0DB5CE41492DDD5005955FB /* Supporting Files */,
			);
			path = ProtonTests;
			sourceTree = "<group>";
		};
		D0DB5CE41492DDD5005955FB /* Supporting Files */ = {
			isa = PBXGroup;
			children = (
				D0DB5CE51492DDD5005955FB /* ProtonTests-Info.plist */,
				D0DB5CE61492DDD5005955FB /* InfoPlist.strings */,
			);
			name = "Supporting Files";
			sourceTree = "<group>";
		};
		D0DB5CF41492DDE9005955FB /* Configuration */ = {
			isa = PBXGroup;
			children = (
				D0DB5CF51492DDE9005955FB /* Base */,
				D0DB5CFE1492DDE9005955FB /* iOS */,
				D0DB5D021492DDE9005955FB /* Mac OS X */,
				D0DB5D081492DDE9005955FB /* README.md */,
			);
			name = Configuration;
			path = ../libextobjc/Configuration;
			sourceTree = "<group>";
		};
		D0DB5CF51492DDE9005955FB /* Base */ = {
			isa = PBXGroup;
			children = (
				D0DB5CF61492DDE9005955FB /* Common.xcconfig */,
				D0DB5CF71492DDE9005955FB /* Configurations */,
				D0DB5CFB1492DDE9005955FB /* Targets */,
			);
			path = Base;
			sourceTree = "<group>";
		};
		D0DB5CF71492DDE9005955FB /* Configurations */ = {
			isa = PBXGroup;
			children = (
				D0DB5CF81492DDE9005955FB /* Debug.xcconfig */,
				D0DB5CF91492DDE9005955FB /* Profile.xcconfig */,
				D0DB5CFA1492DDE9005955FB /* Release.xcconfig */,
			);
			path = Configurations;
			sourceTree = "<group>";
		};
		D0DB5CFB1492DDE9005955FB /* Targets */ = {
			isa = PBXGroup;
			children = (
				D0DB5CFC1492DDE9005955FB /* Application.xcconfig */,
				D0DB5CFD1492DDE9005955FB /* StaticLibrary.xcconfig */,
			);
			path = Targets;
			sourceTree = "<group>";
		};
		D0DB5CFE1492DDE9005955FB /* iOS */ = {
			isa = PBXGroup;
			children = (
				D0DB5CFF1492DDE9005955FB /* iOS-Application.xcconfig */,
				D0DB5D001492DDE9005955FB /* iOS-Base.xcconfig */,
				D0DB5D011492DDE9005955FB /* iOS-StaticLibrary.xcconfig */,
			);
			path = iOS;
			sourceTree = "<group>";
		};
		D0DB5D021492DDE9005955FB /* Mac OS X */ = {
			isa = PBXGroup;
			children = (
				D0DB5D031492DDE9005955FB /* Mac-Application.xcconfig */,
				D0DB5D041492DDE9005955FB /* Mac-Base.xcconfig */,
				D0DB5D051492DDE9005955FB /* Mac-DynamicLibrary.xcconfig */,
				D0DB5D061492DDE9005955FB /* Mac-Framework.xcconfig */,
				D0DB5D071492DDE9005955FB /* Mac-StaticLibrary.xcconfig */,
			);
			path = "Mac OS X";
			sourceTree = "<group>";
		};
/* End PBXGroup section */

/* Begin PBXHeadersBuildPhase section */
		D0B07ACC1492E72800A1E816 /* Headers */ = {
			isa = PBXHeadersBuildPhase;
			buildActionMask = 2147483647;
			files = (
				D0B07AF61492E75700A1E816 /* Proton.h in Headers */,
				D0D7A1AE1492EE1B0057F90D /* EXTRuntimeExtensions.h in Headers */,
				D0D7A1B21492EE1B0057F90D /* EXTSafeCategory.h in Headers */,
				D0D7A1B61492EE1B0057F90D /* EXTScope.h in Headers */,
				D0D7A1BB1492EE210057F90D /* metamacros.h in Headers */,
				D06AA4531494A1FF00F0F94B /* NSArray+HigherOrderAdditions.h in Headers */,
				D047032D1494A6F8004CB93A /* Foundation+LocalizationAdditions.h in Headers */,
				D04703311494A6F8004CB93A /* NSObject+ComparisonAdditions.h in Headers */,
				D04703351494A6F8004CB93A /* NSObject+ErrorAdditions.h in Headers */,
				D07D6E8F1499DF7300192DED /* NSSet+HigherOrderAdditions.h in Headers */,
				D07D6E9C1499E02A00192DED /* NSOrderedSet+HigherOrderAdditions.h in Headers */,
				D07D6E961499DFE900192DED /* NSDictionary+HigherOrderAdditions.h in Headers */,
				D0477F5A14970DE700B0DAB0 /* PROTransformation.h in Headers */,
				D0477F601497460000B0DAB0 /* PROUniqueTransformation.h in Headers */,
				D0477F661497464F00B0DAB0 /* PROMultipleTransformation.h in Headers */,
				D0477F6C149746BD00B0DAB0 /* PROKeyedTransformation.h in Headers */,
				D0E0F2F51497E4A80072FE2C /* EXTNil.h in Headers */,
				D030A63614981D8900D2B2A1 /* NSDictionary+PROKeyedObjectAdditions.h in Headers */,
				D00A490E1499451400EEBD92 /* PROKeyedObject.h in Headers */,
				D0C42D6414984CE100A08989 /* PROModel.h in Headers */,
				1A225923149C9887004B7BF2 /* PROUniqueIdentifier.h in Headers */,
				1EA5FB0614A2C17400E3B764 /* PROIndexedTransformation.h in Headers */,
				D084678C14A40DE800E2856F /* SDQueue.h in Headers */,
				D031BA9014A53B5000A38526 /* PROKeyValueObserver.h in Headers */,
				D031BAA014A543E900A38526 /* NSObject+PROKeyValueObserverAdditions.h in Headers */,
				D04D284914A5628B00197AB9 /* PROKeyValueCodingMacros.h in Headers */,
				D080D58614A5DF3800FABAA2 /* PROFuture.h in Headers */,
				D04460EC14A6828D000053C9 /* PROOrderTransformation.h in Headers */,
				D080E0F314AA971000F6EABB /* PROInsertionTransformation.h in Headers */,
				D080E0FA14AA976500F6EABB /* PRORemovalTransformation.h in Headers */,
			);
			runOnlyForDeploymentPostprocessing = 0;
		};
		D0DB5CC11492DDD5005955FB /* Headers */ = {
			isa = PBXHeadersBuildPhase;
			buildActionMask = 2147483647;
			files = (
				D0B07AF51492E75200A1E816 /* Proton.h in Headers */,
				D0D7A1AD1492EE1B0057F90D /* EXTRuntimeExtensions.h in Headers */,
				D0D7A1B11492EE1B0057F90D /* EXTSafeCategory.h in Headers */,
				D0D7A1B51492EE1B0057F90D /* EXTScope.h in Headers */,
				D0D7A1BA1492EE210057F90D /* metamacros.h in Headers */,
				D06AA4521494A1FF00F0F94B /* NSArray+HigherOrderAdditions.h in Headers */,
				D047032C1494A6F8004CB93A /* Foundation+LocalizationAdditions.h in Headers */,
				D04703301494A6F8004CB93A /* NSObject+ComparisonAdditions.h in Headers */,
				D04703341494A6F8004CB93A /* NSObject+ErrorAdditions.h in Headers */,
				D07D6E8E1499DF7300192DED /* NSSet+HigherOrderAdditions.h in Headers */,
				D07D6E9B1499E02A00192DED /* NSOrderedSet+HigherOrderAdditions.h in Headers */,
				D07D6E951499DFE900192DED /* NSDictionary+HigherOrderAdditions.h in Headers */,
				D0477F5914970DE700B0DAB0 /* PROTransformation.h in Headers */,
				D0477F5F1497460000B0DAB0 /* PROUniqueTransformation.h in Headers */,
				D0477F651497464F00B0DAB0 /* PROMultipleTransformation.h in Headers */,
				D0477F6B149746BD00B0DAB0 /* PROKeyedTransformation.h in Headers */,
				D0E0F2F41497E4A80072FE2C /* EXTNil.h in Headers */,
				D030A63514981D8900D2B2A1 /* NSDictionary+PROKeyedObjectAdditions.h in Headers */,
				D00A490D1499451400EEBD92 /* PROKeyedObject.h in Headers */,
				D0C42D6314984CE100A08989 /* PROModel.h in Headers */,
				1A225922149C9887004B7BF2 /* PROUniqueIdentifier.h in Headers */,
				1EA5FB0314A2C16100E3B764 /* PROIndexedTransformation.h in Headers */,
				D084678B14A40DE800E2856F /* SDQueue.h in Headers */,
				D031BA8F14A53B5000A38526 /* PROKeyValueObserver.h in Headers */,
				D031BA9F14A543E900A38526 /* NSObject+PROKeyValueObserverAdditions.h in Headers */,
				D04D284814A5628B00197AB9 /* PROKeyValueCodingMacros.h in Headers */,
				D080D58514A5DF3800FABAA2 /* PROFuture.h in Headers */,
				D04460EB14A6828D000053C9 /* PROOrderTransformation.h in Headers */,
				D080E0F214AA971000F6EABB /* PROInsertionTransformation.h in Headers */,
				D080E0F914AA976500F6EABB /* PRORemovalTransformation.h in Headers */,
			);
			runOnlyForDeploymentPostprocessing = 0;
		};
/* End PBXHeadersBuildPhase section */

/* Begin PBXNativeTarget section */
		D0B07ACD1492E72800A1E816 /* Proton iOS */ = {
			isa = PBXNativeTarget;
			buildConfigurationList = D0B07AF11492E72800A1E816 /* Build configuration list for PBXNativeTarget "Proton iOS" */;
			buildPhases = (
				D0B07ACA1492E72800A1E816 /* Sources */,
				D0B07ACB1492E72800A1E816 /* Frameworks */,
				D0B07ACC1492E72800A1E816 /* Headers */,
			);
			buildRules = (
			);
			dependencies = (
			);
			name = "Proton iOS";
			productName = "Proton iOS";
			productReference = D0B07ACE1492E72800A1E816 /* libProton.a */;
			productType = "com.apple.product-type.library.static";
		};
		D0B07ADB1492E72800A1E816 /* Proton iOS Tests */ = {
			isa = PBXNativeTarget;
			buildConfigurationList = D0B07AF21492E72800A1E816 /* Build configuration list for PBXNativeTarget "Proton iOS Tests" */;
			buildPhases = (
				D0B07AD71492E72800A1E816 /* Sources */,
				D0B07AD81492E72800A1E816 /* Frameworks */,
				D0B07AD91492E72800A1E816 /* Resources */,
				D0B07ADA1492E72800A1E816 /* ShellScript */,
			);
			buildRules = (
			);
			dependencies = (
				D0B07AE21492E72800A1E816 /* PBXTargetDependency */,
			);
			name = "Proton iOS Tests";
			productName = "Proton iOSTests";
			productReference = D0B07ADC1492E72800A1E816 /* Proton iOS Tests.octest */;
			productType = "com.apple.product-type.bundle";
		};
		D0DB5CC31492DDD5005955FB /* Proton Mac */ = {
			isa = PBXNativeTarget;
			buildConfigurationList = D0DB5CEE1492DDD5005955FB /* Build configuration list for PBXNativeTarget "Proton Mac" */;
			buildPhases = (
				D0DB5CBF1492DDD5005955FB /* Sources */,
				D0DB5CC01492DDD5005955FB /* Frameworks */,
				D0DB5CC11492DDD5005955FB /* Headers */,
				D0DB5CC21492DDD5005955FB /* Resources */,
			);
			buildRules = (
			);
			dependencies = (
			);
			name = "Proton Mac";
			productName = Proton;
			productReference = D0DB5CC41492DDD5005955FB /* Proton.framework */;
			productType = "com.apple.product-type.framework";
		};
		D0DB5CDB1492DDD5005955FB /* Proton Mac Tests */ = {
			isa = PBXNativeTarget;
			buildConfigurationList = D0DB5CF11492DDD5005955FB /* Build configuration list for PBXNativeTarget "Proton Mac Tests" */;
			buildPhases = (
				D0DB5CD71492DDD5005955FB /* Sources */,
				D0DB5CD81492DDD5005955FB /* Frameworks */,
				D0DB5CD91492DDD5005955FB /* Resources */,
				D0DB5CDA1492DDD5005955FB /* ShellScript */,
			);
			buildRules = (
			);
			dependencies = (
				D0DB5CE11492DDD5005955FB /* PBXTargetDependency */,
			);
			name = "Proton Mac Tests";
			productName = ProtonTests;
			productReference = D0DB5CDC1492DDD5005955FB /* Proton Mac Tests.octest */;
			productType = "com.apple.product-type.bundle";
		};
/* End PBXNativeTarget section */

/* Begin PBXProject section */
		D0DB5CBA1492DDD5005955FB /* Project object */ = {
			isa = PBXProject;
			attributes = {
				LastUpgradeCheck = 0420;
				ORGANIZATIONNAME = "Emerald Lark";
			};
			buildConfigurationList = D0DB5CBD1492DDD5005955FB /* Build configuration list for PBXProject "Proton" */;
			compatibilityVersion = "Xcode 3.2";
			developmentRegion = English;
			hasScannedForEncodings = 0;
			knownRegions = (
				en,
			);
			mainGroup = D0DB5CB81492DDD5005955FB;
			productRefGroup = D0DB5CC51492DDD5005955FB /* Products */;
			projectDirPath = "";
			projectRoot = "";
			targets = (
				D0DB5CC31492DDD5005955FB /* Proton Mac */,
				D0DB5CDB1492DDD5005955FB /* Proton Mac Tests */,
				D0B07ACD1492E72800A1E816 /* Proton iOS */,
				D0B07ADB1492E72800A1E816 /* Proton iOS Tests */,
			);
		};
/* End PBXProject section */

/* Begin PBXResourcesBuildPhase section */
		D0B07AD91492E72800A1E816 /* Resources */ = {
			isa = PBXResourcesBuildPhase;
			buildActionMask = 2147483647;
			files = (
			);
			runOnlyForDeploymentPostprocessing = 0;
		};
		D0DB5CC21492DDD5005955FB /* Resources */ = {
			isa = PBXResourcesBuildPhase;
			buildActionMask = 2147483647;
			files = (
				D0DB5CD21492DDD5005955FB /* InfoPlist.strings in Resources */,
			);
			runOnlyForDeploymentPostprocessing = 0;
		};
		D0DB5CD91492DDD5005955FB /* Resources */ = {
			isa = PBXResourcesBuildPhase;
			buildActionMask = 2147483647;
			files = (
				D0DB5CE81492DDD5005955FB /* InfoPlist.strings in Resources */,
			);
			runOnlyForDeploymentPostprocessing = 0;
		};
/* End PBXResourcesBuildPhase section */

/* Begin PBXShellScriptBuildPhase section */
		D0B07ADA1492E72800A1E816 /* ShellScript */ = {
			isa = PBXShellScriptBuildPhase;
			buildActionMask = 2147483647;
			files = (
			);
			inputPaths = (
			);
			outputPaths = (
			);
			runOnlyForDeploymentPostprocessing = 0;
			shellPath = /bin/sh;
			shellScript = "# Run the unit tests in this test bundle.\n\"${SYSTEM_DEVELOPER_DIR}/Tools/RunUnitTests\"\n";
		};
		D0DB5CDA1492DDD5005955FB /* ShellScript */ = {
			isa = PBXShellScriptBuildPhase;
			buildActionMask = 2147483647;
			files = (
			);
			inputPaths = (
			);
			outputPaths = (
			);
			runOnlyForDeploymentPostprocessing = 0;
			shellPath = /bin/sh;
			shellScript = "# Run the unit tests in this test bundle.\n\"${SYSTEM_DEVELOPER_DIR}/Tools/RunUnitTests\"\n";
		};
/* End PBXShellScriptBuildPhase section */

/* Begin PBXSourcesBuildPhase section */
		D0B07ACA1492E72800A1E816 /* Sources */ = {
			isa = PBXSourcesBuildPhase;
			buildActionMask = 2147483647;
			files = (
				D0D7A1B01492EE1B0057F90D /* EXTRuntimeExtensions.m in Sources */,
				D0D7A1B41492EE1B0057F90D /* EXTSafeCategory.m in Sources */,
				D0D7A1B81492EE1B0057F90D /* EXTScope.m in Sources */,
				D06AA4551494A1FF00F0F94B /* NSArray+HigherOrderAdditions.m in Sources */,
				D047032F1494A6F8004CB93A /* Foundation+LocalizationAdditions.m in Sources */,
				D04703331494A6F8004CB93A /* NSObject+ComparisonAdditions.m in Sources */,
				D04703371494A6F8004CB93A /* NSObject+ErrorAdditions.m in Sources */,
				D07D6E911499DF7300192DED /* NSSet+HigherOrderAdditions.m in Sources */,
				D07D6E9E1499E02A00192DED /* NSOrderedSet+HigherOrderAdditions.m in Sources */,
				D07D6E981499DFE900192DED /* NSDictionary+HigherOrderAdditions.m in Sources */,
				D0477F5C14970DE700B0DAB0 /* PROTransformation.m in Sources */,
				D0477F621497460000B0DAB0 /* PROUniqueTransformation.m in Sources */,
				D0477F681497464F00B0DAB0 /* PROMultipleTransformation.m in Sources */,
				D0477F6E149746BD00B0DAB0 /* PROKeyedTransformation.m in Sources */,
				D0E0F2F71497E4A80072FE2C /* EXTNil.m in Sources */,
				D030A63814981D8900D2B2A1 /* NSDictionary+PROKeyedObjectAdditions.m in Sources */,
				D0C42D6614984CE100A08989 /* PROModel.m in Sources */,
				1A225925149C9887004B7BF2 /* PROUniqueIdentifier.m in Sources */,
				1EA5FB0514A2C16B00E3B764 /* PROIndexedTransformation.m in Sources */,
				D084678E14A40DE800E2856F /* SDQueue.m in Sources */,
				D031BA9214A53B5000A38526 /* PROKeyValueObserver.m in Sources */,
				D031BAA214A543E900A38526 /* NSObject+PROKeyValueObserverAdditions.m in Sources */,
				D080D58814A5DF3800FABAA2 /* PROFuture.m in Sources */,
				D04460EE14A6828D000053C9 /* PROOrderTransformation.m in Sources */,
				D080E0F514AA971000F6EABB /* PROInsertionTransformation.m in Sources */,
				D080E0FC14AA976500F6EABB /* PRORemovalTransformation.m in Sources */,
			);
			runOnlyForDeploymentPostprocessing = 0;
		};
		D0B07AD71492E72800A1E816 /* Sources */ = {
			isa = PBXSourcesBuildPhase;
			buildActionMask = 2147483647;
			files = (
				D0D7A1C41492EE520057F90D /* EXTRuntimeExtensionsTest.m in Sources */,
				D0D7A1C61492EE520057F90D /* EXTSafeCategoryTest.m in Sources */,
				D0D7A1C81492EE520057F90D /* EXTScopeTest.m in Sources */,
				D06AA45B1494A22300F0F94B /* PRONSArrayAdditionsTests.m in Sources */,
				D047033C1494A728004CB93A /* PRONSObjectAdditionsTests.m in Sources */,
				D07D6EB31499E22600192DED /* PRONSSetAdditionsTests.m in Sources */,
				D07D6EC11499E47C00192DED /* PRONSOrderedSetAdditionsTests.m in Sources */,
				D0E0F2FB1497E4CD0072FE2C /* EXTNilTest.m in Sources */,
				D0E0F2F01497E4660072FE2C /* PROUniqueTransformationTests.m in Sources */,
				D030A61E149817F200D2B2A1 /* PROMultipleTransformationTests.m in Sources */,
				D030A63D14981E1F00D2B2A1 /* PRONSDictionaryAdditionsTests.m in Sources */,
				D010F0B61498361800D0D1E5 /* PROKeyedTransformationTests.m in Sources */,
				D0C42D7A149857CB00A08989 /* PROModelTests.m in Sources */,
				1A22592A149C9D28004B7BF2 /* PROUniqueIdentifierTests.m in Sources */,
				1EA5FB1C14A2C9FE00E3B764 /* PROIndexedTransformationTests.m in Sources */,
				D084679214A40DEF00E2856F /* SDQueueTests.m in Sources */,
				D031BA9614A53F4600A38526 /* PROKeyValueObserverTests.m in Sources */,
				D04D284D14A5633C00197AB9 /* PROKeyValueCodingMacrosTests.m in Sources */,
				D080D58C14A5E4B200FABAA2 /* PROFutureTests.m in Sources */,
				D04460F714A6850A000053C9 /* PROOrderTransformationTests.m in Sources */,
				D080E10014AA97AD00F6EABB /* PROInsertionTransformationTests.m in Sources */,
				D080E10414AA97D700F6EABB /* PRORemovalTransformationTests.m in Sources */,
			);
			runOnlyForDeploymentPostprocessing = 0;
		};
		D0DB5CBF1492DDD5005955FB /* Sources */ = {
			isa = PBXSourcesBuildPhase;
			buildActionMask = 2147483647;
			files = (
				D0D7A1AF1492EE1B0057F90D /* EXTRuntimeExtensions.m in Sources */,
				D0D7A1B31492EE1B0057F90D /* EXTSafeCategory.m in Sources */,
				D0D7A1B71492EE1B0057F90D /* EXTScope.m in Sources */,
				D06AA4541494A1FF00F0F94B /* NSArray+HigherOrderAdditions.m in Sources */,
				D047032E1494A6F8004CB93A /* Foundation+LocalizationAdditions.m in Sources */,
				D04703321494A6F8004CB93A /* NSObject+ComparisonAdditions.m in Sources */,
				D04703361494A6F8004CB93A /* NSObject+ErrorAdditions.m in Sources */,
				D07D6E901499DF7300192DED /* NSSet+HigherOrderAdditions.m in Sources */,
				D07D6E9D1499E02A00192DED /* NSOrderedSet+HigherOrderAdditions.m in Sources */,
				D07D6E971499DFE900192DED /* NSDictionary+HigherOrderAdditions.m in Sources */,
				D0477F5B14970DE700B0DAB0 /* PROTransformation.m in Sources */,
				D0477F611497460000B0DAB0 /* PROUniqueTransformation.m in Sources */,
				D0477F671497464F00B0DAB0 /* PROMultipleTransformation.m in Sources */,
				D0477F6D149746BD00B0DAB0 /* PROKeyedTransformation.m in Sources */,
				D0E0F2F61497E4A80072FE2C /* EXTNil.m in Sources */,
				D030A63714981D8900D2B2A1 /* NSDictionary+PROKeyedObjectAdditions.m in Sources */,
				D0C42D6514984CE100A08989 /* PROModel.m in Sources */,
				1A225924149C9887004B7BF2 /* PROUniqueIdentifier.m in Sources */,
				1EA5FB0414A2C16100E3B764 /* PROIndexedTransformation.m in Sources */,
				D084678D14A40DE800E2856F /* SDQueue.m in Sources */,
				D031BA9114A53B5000A38526 /* PROKeyValueObserver.m in Sources */,
				D031BAA114A543E900A38526 /* NSObject+PROKeyValueObserverAdditions.m in Sources */,
				D080D58714A5DF3800FABAA2 /* PROFuture.m in Sources */,
				D04460ED14A6828D000053C9 /* PROOrderTransformation.m in Sources */,
				D080E0F414AA971000F6EABB /* PROInsertionTransformation.m in Sources */,
				D080E0FB14AA976500F6EABB /* PRORemovalTransformation.m in Sources */,
			);
			runOnlyForDeploymentPostprocessing = 0;
		};
		D0DB5CD71492DDD5005955FB /* Sources */ = {
			isa = PBXSourcesBuildPhase;
			buildActionMask = 2147483647;
			files = (
				D0D7A1C31492EE520057F90D /* EXTRuntimeExtensionsTest.m in Sources */,
				D0D7A1C51492EE520057F90D /* EXTSafeCategoryTest.m in Sources */,
				D0D7A1C71492EE520057F90D /* EXTScopeTest.m in Sources */,
				D06AA45A1494A22300F0F94B /* PRONSArrayAdditionsTests.m in Sources */,
				D047033B1494A728004CB93A /* PRONSObjectAdditionsTests.m in Sources */,
				D07D6EB21499E22600192DED /* PRONSSetAdditionsTests.m in Sources */,
				D07D6EC01499E47C00192DED /* PRONSOrderedSetAdditionsTests.m in Sources */,
				D0E0F2FA1497E4CD0072FE2C /* EXTNilTest.m in Sources */,
				D0E0F2EF1497E4660072FE2C /* PROUniqueTransformationTests.m in Sources */,
				D030A61D149817F200D2B2A1 /* PROMultipleTransformationTests.m in Sources */,
				D030A63C14981E1F00D2B2A1 /* PRONSDictionaryAdditionsTests.m in Sources */,
				D010F0B51498361800D0D1E5 /* PROKeyedTransformationTests.m in Sources */,
				D0C42D79149857CB00A08989 /* PROModelTests.m in Sources */,
				1A225929149C9D28004B7BF2 /* PROUniqueIdentifierTests.m in Sources */,
				1EA5FB1B14A2C9FE00E3B764 /* PROIndexedTransformationTests.m in Sources */,
				D084679114A40DEF00E2856F /* SDQueueTests.m in Sources */,
				D031BA9514A53F4600A38526 /* PROKeyValueObserverTests.m in Sources */,
				D04D284C14A5633C00197AB9 /* PROKeyValueCodingMacrosTests.m in Sources */,
				D080D58B14A5E4B200FABAA2 /* PROFutureTests.m in Sources */,
				D04460F614A6850A000053C9 /* PROOrderTransformationTests.m in Sources */,
				D080E0FF14AA97AD00F6EABB /* PROInsertionTransformationTests.m in Sources */,
				D080E10314AA97D700F6EABB /* PRORemovalTransformationTests.m in Sources */,
			);
			runOnlyForDeploymentPostprocessing = 0;
		};
/* End PBXSourcesBuildPhase section */

/* Begin PBXTargetDependency section */
		D0B07AE21492E72800A1E816 /* PBXTargetDependency */ = {
			isa = PBXTargetDependency;
			target = D0B07ACD1492E72800A1E816 /* Proton iOS */;
			targetProxy = D0B07AE11492E72800A1E816 /* PBXContainerItemProxy */;
		};
		D0DB5CE11492DDD5005955FB /* PBXTargetDependency */ = {
			isa = PBXTargetDependency;
			target = D0DB5CC31492DDD5005955FB /* Proton Mac */;
			targetProxy = D0DB5CE01492DDD5005955FB /* PBXContainerItemProxy */;
		};
/* End PBXTargetDependency section */

/* Begin PBXVariantGroup section */
		D0DB5CD01492DDD5005955FB /* InfoPlist.strings */ = {
			isa = PBXVariantGroup;
			children = (
				D0DB5CD11492DDD5005955FB /* en */,
			);
			name = InfoPlist.strings;
			sourceTree = "<group>";
		};
		D0DB5CE61492DDD5005955FB /* InfoPlist.strings */ = {
			isa = PBXVariantGroup;
			children = (
				D0DB5CE71492DDD5005955FB /* en */,
			);
			name = InfoPlist.strings;
			sourceTree = "<group>";
		};
/* End PBXVariantGroup section */

/* Begin XCBuildConfiguration section */
		D091862F1492EB9C001DEBC8 /* Profile */ = {
			isa = XCBuildConfiguration;
			baseConfigurationReference = D0DB5CF91492DDE9005955FB /* Profile.xcconfig */;
			buildSettings = {
				GCC_PREFIX_HEADER = "Proton/Proton-Prefix.pch";
				IPHONEOS_DEPLOYMENT_TARGET = 5.0;
				MACOSX_DEPLOYMENT_TARGET = 10.7;
				PRODUCT_NAME = Proton;
				TEST_AFTER_BUILD = YES;
			};
			name = Profile;
		};
		D09186301492EB9C001DEBC8 /* Profile */ = {
			isa = XCBuildConfiguration;
			baseConfigurationReference = D0DB5D061492DDE9005955FB /* Mac-Framework.xcconfig */;
			buildSettings = {
				ARCHS = "$(ARCHS_STANDARD_64_BIT)";
				DYLIB_COMPATIBILITY_VERSION = 1;
				DYLIB_CURRENT_VERSION = 1;
				FRAMEWORK_VERSION = A;
				INFOPLIST_FILE = "Proton/Proton-Info.plist";
				SDKROOT = macosx;
				WRAPPER_EXTENSION = framework;
			};
			name = Profile;
		};
		D09186311492EB9C001DEBC8 /* Profile */ = {
			isa = XCBuildConfiguration;
			baseConfigurationReference = D0DB5D031492DDE9005955FB /* Mac-Application.xcconfig */;
			buildSettings = {
				ARCHS = "$(ARCHS_STANDARD_64_BIT)";
				FRAMEWORK_SEARCH_PATHS = "$(DEVELOPER_LIBRARY_DIR)/Frameworks";
				INFOPLIST_FILE = "ProtonTests/ProtonTests-Info.plist";
				PRODUCT_NAME = "$(TARGET_NAME)";
				SDKROOT = macosx;
				WRAPPER_EXTENSION = octest;
			};
			name = Profile;
		};
		D09186321492EB9C001DEBC8 /* Profile */ = {
			isa = XCBuildConfiguration;
			baseConfigurationReference = D0DB5D011492DDE9005955FB /* iOS-StaticLibrary.xcconfig */;
			buildSettings = {
				ARCHS = "$(ARCHS_STANDARD_32_BIT)";
				SDKROOT = iphoneos;
			};
			name = Profile;
		};
		D09186331492EB9C001DEBC8 /* Profile */ = {
			isa = XCBuildConfiguration;
			baseConfigurationReference = D0DB5CFF1492DDE9005955FB /* iOS-Application.xcconfig */;
			buildSettings = {
				ARCHS = "$(ARCHS_STANDARD_32_BIT)";
				FRAMEWORK_SEARCH_PATHS = (
					"$(SDKROOT)/Developer/Library/Frameworks",
					"$(DEVELOPER_LIBRARY_DIR)/Frameworks",
				);
				INFOPLIST_FILE = "ProtonTests/ProtonTests-Info.plist";
				OTHER_LDFLAGS = "-all_load";
				PRODUCT_NAME = "$(TARGET_NAME)";
				SDKROOT = iphoneos;
				WRAPPER_EXTENSION = octest;
			};
			name = Profile;
		};
		D0B07AED1492E72800A1E816 /* Debug */ = {
			isa = XCBuildConfiguration;
			baseConfigurationReference = D0DB5D011492DDE9005955FB /* iOS-StaticLibrary.xcconfig */;
			buildSettings = {
				ARCHS = "$(ARCHS_STANDARD_32_BIT)";
				SDKROOT = iphoneos;
			};
			name = Debug;
		};
		D0B07AEE1492E72800A1E816 /* Release */ = {
			isa = XCBuildConfiguration;
			baseConfigurationReference = D0DB5D011492DDE9005955FB /* iOS-StaticLibrary.xcconfig */;
			buildSettings = {
				ARCHS = "$(ARCHS_STANDARD_32_BIT)";
				SDKROOT = iphoneos;
			};
			name = Release;
		};
		D0B07AEF1492E72800A1E816 /* Debug */ = {
			isa = XCBuildConfiguration;
			baseConfigurationReference = D0DB5CFF1492DDE9005955FB /* iOS-Application.xcconfig */;
			buildSettings = {
				ARCHS = "$(ARCHS_STANDARD_32_BIT)";
				FRAMEWORK_SEARCH_PATHS = (
					"$(SDKROOT)/Developer/Library/Frameworks",
					"$(DEVELOPER_LIBRARY_DIR)/Frameworks",
				);
				INFOPLIST_FILE = "ProtonTests/ProtonTests-Info.plist";
				OTHER_LDFLAGS = "-all_load";
				PRODUCT_NAME = "$(TARGET_NAME)";
				SDKROOT = iphoneos;
				WRAPPER_EXTENSION = octest;
			};
			name = Debug;
		};
		D0B07AF01492E72800A1E816 /* Release */ = {
			isa = XCBuildConfiguration;
			baseConfigurationReference = D0DB5CFF1492DDE9005955FB /* iOS-Application.xcconfig */;
			buildSettings = {
				ARCHS = "$(ARCHS_STANDARD_32_BIT)";
				FRAMEWORK_SEARCH_PATHS = (
					"$(SDKROOT)/Developer/Library/Frameworks",
					"$(DEVELOPER_LIBRARY_DIR)/Frameworks",
				);
				INFOPLIST_FILE = "ProtonTests/ProtonTests-Info.plist";
				OTHER_LDFLAGS = "-all_load";
				PRODUCT_NAME = "$(TARGET_NAME)";
				SDKROOT = iphoneos;
				WRAPPER_EXTENSION = octest;
			};
			name = Release;
		};
		D0DB5CEC1492DDD5005955FB /* Debug */ = {
			isa = XCBuildConfiguration;
			baseConfigurationReference = D0DB5CF81492DDE9005955FB /* Debug.xcconfig */;
			buildSettings = {
				GCC_PREFIX_HEADER = "Proton/Proton-Prefix.pch";
				IPHONEOS_DEPLOYMENT_TARGET = 5.0;
				MACOSX_DEPLOYMENT_TARGET = 10.7;
				PRODUCT_NAME = Proton;
				TEST_AFTER_BUILD = YES;
			};
			name = Debug;
		};
		D0DB5CED1492DDD5005955FB /* Release */ = {
			isa = XCBuildConfiguration;
			baseConfigurationReference = D0DB5CFA1492DDE9005955FB /* Release.xcconfig */;
			buildSettings = {
				GCC_PREFIX_HEADER = "Proton/Proton-Prefix.pch";
				IPHONEOS_DEPLOYMENT_TARGET = 5.0;
				MACOSX_DEPLOYMENT_TARGET = 10.7;
				PRODUCT_NAME = Proton;
				TEST_AFTER_BUILD = YES;
			};
			name = Release;
		};
		D0DB5CEF1492DDD5005955FB /* Debug */ = {
			isa = XCBuildConfiguration;
			baseConfigurationReference = D0DB5D061492DDE9005955FB /* Mac-Framework.xcconfig */;
			buildSettings = {
				ARCHS = "$(ARCHS_STANDARD_64_BIT)";
				DYLIB_COMPATIBILITY_VERSION = 1;
				DYLIB_CURRENT_VERSION = 1;
				FRAMEWORK_VERSION = A;
				INFOPLIST_FILE = "Proton/Proton-Info.plist";
				SDKROOT = macosx;
				WRAPPER_EXTENSION = framework;
			};
			name = Debug;
		};
		D0DB5CF01492DDD5005955FB /* Release */ = {
			isa = XCBuildConfiguration;
			baseConfigurationReference = D0DB5D061492DDE9005955FB /* Mac-Framework.xcconfig */;
			buildSettings = {
				ARCHS = "$(ARCHS_STANDARD_64_BIT)";
				DYLIB_COMPATIBILITY_VERSION = 1;
				DYLIB_CURRENT_VERSION = 1;
				FRAMEWORK_VERSION = A;
				INFOPLIST_FILE = "Proton/Proton-Info.plist";
				SDKROOT = macosx;
				WRAPPER_EXTENSION = framework;
			};
			name = Release;
		};
		D0DB5CF21492DDD5005955FB /* Debug */ = {
			isa = XCBuildConfiguration;
			baseConfigurationReference = D0DB5D031492DDE9005955FB /* Mac-Application.xcconfig */;
			buildSettings = {
				ARCHS = "$(ARCHS_STANDARD_64_BIT)";
				FRAMEWORK_SEARCH_PATHS = "$(DEVELOPER_LIBRARY_DIR)/Frameworks";
				INFOPLIST_FILE = "ProtonTests/ProtonTests-Info.plist";
				PRODUCT_NAME = "$(TARGET_NAME)";
				SDKROOT = macosx;
				WRAPPER_EXTENSION = octest;
			};
			name = Debug;
		};
		D0DB5CF31492DDD5005955FB /* Release */ = {
			isa = XCBuildConfiguration;
			baseConfigurationReference = D0DB5D031492DDE9005955FB /* Mac-Application.xcconfig */;
			buildSettings = {
				ARCHS = "$(ARCHS_STANDARD_64_BIT)";
				FRAMEWORK_SEARCH_PATHS = "$(DEVELOPER_LIBRARY_DIR)/Frameworks";
				INFOPLIST_FILE = "ProtonTests/ProtonTests-Info.plist";
				PRODUCT_NAME = "$(TARGET_NAME)";
				SDKROOT = macosx;
				WRAPPER_EXTENSION = octest;
			};
			name = Release;
		};
/* End XCBuildConfiguration section */

/* Begin XCConfigurationList section */
		D0B07AF11492E72800A1E816 /* Build configuration list for PBXNativeTarget "Proton iOS" */ = {
			isa = XCConfigurationList;
			buildConfigurations = (
				D0B07AED1492E72800A1E816 /* Debug */,
				D0B07AEE1492E72800A1E816 /* Release */,
				D09186321492EB9C001DEBC8 /* Profile */,
			);
			defaultConfigurationIsVisible = 0;
			defaultConfigurationName = Release;
		};
		D0B07AF21492E72800A1E816 /* Build configuration list for PBXNativeTarget "Proton iOS Tests" */ = {
			isa = XCConfigurationList;
			buildConfigurations = (
				D0B07AEF1492E72800A1E816 /* Debug */,
				D0B07AF01492E72800A1E816 /* Release */,
				D09186331492EB9C001DEBC8 /* Profile */,
			);
			defaultConfigurationIsVisible = 0;
			defaultConfigurationName = Release;
		};
		D0DB5CBD1492DDD5005955FB /* Build configuration list for PBXProject "Proton" */ = {
			isa = XCConfigurationList;
			buildConfigurations = (
				D0DB5CEC1492DDD5005955FB /* Debug */,
				D0DB5CED1492DDD5005955FB /* Release */,
				D091862F1492EB9C001DEBC8 /* Profile */,
			);
			defaultConfigurationIsVisible = 0;
			defaultConfigurationName = Release;
		};
		D0DB5CEE1492DDD5005955FB /* Build configuration list for PBXNativeTarget "Proton Mac" */ = {
			isa = XCConfigurationList;
			buildConfigurations = (
				D0DB5CEF1492DDD5005955FB /* Debug */,
				D0DB5CF01492DDD5005955FB /* Release */,
				D09186301492EB9C001DEBC8 /* Profile */,
			);
			defaultConfigurationIsVisible = 0;
			defaultConfigurationName = Release;
		};
		D0DB5CF11492DDD5005955FB /* Build configuration list for PBXNativeTarget "Proton Mac Tests" */ = {
			isa = XCConfigurationList;
			buildConfigurations = (
				D0DB5CF21492DDD5005955FB /* Debug */,
				D0DB5CF31492DDD5005955FB /* Release */,
				D09186311492EB9C001DEBC8 /* Profile */,
			);
			defaultConfigurationIsVisible = 0;
			defaultConfigurationName = Release;
		};
/* End XCConfigurationList section */
	};
	rootObject = D0DB5CBA1492DDD5005955FB /* Project object */;
}
